// !$*UTF8*$!
{
	archiveVersion = 1;
	classes = {
	};
	objectVersion = 46;
	objects = {

/* Begin PBXBuildFile section */
		920CCFC01A94DAD1004BD668 /* main.m in Sources */ = {isa = PBXBuildFile; fileRef = 920CCFBF1A94DAD1004BD668 /* main.m */; };
		920CCFC31A94DAD1004BD668 /* AppDelegate.m in Sources */ = {isa = PBXBuildFile; fileRef = 920CCFC21A94DAD1004BD668 /* AppDelegate.m */; };
		920CCFCC1A94DAD1004BD668 /* Main.storyboard in Resources */ = {isa = PBXBuildFile; fileRef = 920CCFCA1A94DAD1004BD668 /* Main.storyboard */; };
		920CCFCE1A94DAD1004BD668 /* Images.xcassets in Resources */ = {isa = PBXBuildFile; fileRef = 920CCFCD1A94DAD1004BD668 /* Images.xcassets */; };
		920CCFF81A94DC9C004BD668 /* NewRecordingViewController.m in Sources */ = {isa = PBXBuildFile; fileRef = 920CCFF71A94DC9C004BD668 /* NewRecordingViewController.m */; };
		920CCFFC1A94DE0E004BD668 /* RecordingsViewController.m in Sources */ = {isa = PBXBuildFile; fileRef = 920CCFFB1A94DE0E004BD668 /* RecordingsViewController.m */; };
		920CD0041A94DF08004BD668 /* CreditTableViewController.m in Sources */ = {isa = PBXBuildFile; fileRef = 920CD0031A94DF08004BD668 /* CreditTableViewController.m */; };
		920CD00C1A94DF48004BD668 /* SoftwareUpdate.m in Sources */ = {isa = PBXBuildFile; fileRef = 920CD0071A94DF48004BD668 /* SoftwareUpdate.m */; };
		920CD00D1A94DF48004BD668 /* SoftwareUpdateOperation.m in Sources */ = {isa = PBXBuildFile; fileRef = 920CD0091A94DF48004BD668 /* SoftwareUpdateOperation.m */; };
		920CD00E1A94DF48004BD668 /* UpdateViewController.m in Sources */ = {isa = PBXBuildFile; fileRef = 920CD00B1A94DF48004BD668 /* UpdateViewController.m */; };
		920CD04D1A94E05D004BD668 /* BetaTestersViewController.m in Sources */ = {isa = PBXBuildFile; fileRef = 920CD04C1A94E05D004BD668 /* BetaTestersViewController.m */; };
		9212773D1B89646F0053F0AE /* IASKAppSettingsViewController.m in Sources */ = {isa = PBXBuildFile; fileRef = 921277351B89646F0053F0AE /* IASKAppSettingsViewController.m */; };
		9212773E1B89646F0053F0AE /* IASKAppSettingsWebViewController.m in Sources */ = {isa = PBXBuildFile; fileRef = 921277371B89646F0053F0AE /* IASKAppSettingsWebViewController.m */; };
		9212773F1B89646F0053F0AE /* IASKMultipleValueSelection.m in Sources */ = {isa = PBXBuildFile; fileRef = 921277391B89646F0053F0AE /* IASKMultipleValueSelection.m */; };
		921277401B89646F0053F0AE /* IASKSpecifierValuesViewController.m in Sources */ = {isa = PBXBuildFile; fileRef = 9212773B1B89646F0053F0AE /* IASKSpecifierValuesViewController.m */; };
		9212774B1B8964790053F0AE /* IASKSettingsReader.m in Sources */ = {isa = PBXBuildFile; fileRef = 921277421B8964790053F0AE /* IASKSettingsReader.m */; };
		9212774C1B8964790053F0AE /* IASKSettingsStore.m in Sources */ = {isa = PBXBuildFile; fileRef = 921277441B8964790053F0AE /* IASKSettingsStore.m */; };
		9212774D1B8964790053F0AE /* IASKSettingsStoreFile.m in Sources */ = {isa = PBXBuildFile; fileRef = 921277461B8964790053F0AE /* IASKSettingsStoreFile.m */; };
		9212774E1B8964790053F0AE /* IASKSettingsStoreUserDefaults.m in Sources */ = {isa = PBXBuildFile; fileRef = 921277481B8964790053F0AE /* IASKSettingsStoreUserDefaults.m */; };
		9212774F1B8964790053F0AE /* IASKSpecifier.m in Sources */ = {isa = PBXBuildFile; fileRef = 9212774A1B8964790053F0AE /* IASKSpecifier.m */; };
		921277971B8964980053F0AE /* IASKPSSliderSpecifierViewCell.m in Sources */ = {isa = PBXBuildFile; fileRef = 9212778E1B8964980053F0AE /* IASKPSSliderSpecifierViewCell.m */; };
		921277981B8964980053F0AE /* IASKPSTextFieldSpecifierViewCell.m in Sources */ = {isa = PBXBuildFile; fileRef = 921277901B8964980053F0AE /* IASKPSTextFieldSpecifierViewCell.m */; };
		921277991B8964980053F0AE /* IASKSlider.m in Sources */ = {isa = PBXBuildFile; fileRef = 921277921B8964980053F0AE /* IASKSlider.m */; };
		9212779A1B8964980053F0AE /* IASKSwitch.m in Sources */ = {isa = PBXBuildFile; fileRef = 921277941B8964980053F0AE /* IASKSwitch.m */; };
		9212779B1B8964980053F0AE /* IASKTextField.m in Sources */ = {isa = PBXBuildFile; fileRef = 921277961B8964980053F0AE /* IASKTextField.m */; };
		921277AF1B8964A90053F0AE /* AFHTTPRequestOperation.m in Sources */ = {isa = PBXBuildFile; fileRef = 9212779D1B8964A90053F0AE /* AFHTTPRequestOperation.m */; };
		921277B01B8964A90053F0AE /* AFHTTPRequestOperationManager.m in Sources */ = {isa = PBXBuildFile; fileRef = 9212779F1B8964A90053F0AE /* AFHTTPRequestOperationManager.m */; };
		921277B11B8964A90053F0AE /* AFHTTPSessionManager.m in Sources */ = {isa = PBXBuildFile; fileRef = 921277A11B8964A90053F0AE /* AFHTTPSessionManager.m */; };
		921277B21B8964A90053F0AE /* AFNetworkReachabilityManager.m in Sources */ = {isa = PBXBuildFile; fileRef = 921277A41B8964A90053F0AE /* AFNetworkReachabilityManager.m */; };
		921277B31B8964A90053F0AE /* AFSecurityPolicy.m in Sources */ = {isa = PBXBuildFile; fileRef = 921277A61B8964A90053F0AE /* AFSecurityPolicy.m */; };
		921277B41B8964A90053F0AE /* AFURLConnectionOperation.m in Sources */ = {isa = PBXBuildFile; fileRef = 921277A81B8964A90053F0AE /* AFURLConnectionOperation.m */; };
		921277B51B8964A90053F0AE /* AFURLRequestSerialization.m in Sources */ = {isa = PBXBuildFile; fileRef = 921277AA1B8964A90053F0AE /* AFURLRequestSerialization.m */; };
		921277B61B8964A90053F0AE /* AFURLResponseSerialization.m in Sources */ = {isa = PBXBuildFile; fileRef = 921277AC1B8964A90053F0AE /* AFURLResponseSerialization.m */; };
		921277B71B8964A90053F0AE /* AFURLSessionManager.m in Sources */ = {isa = PBXBuildFile; fileRef = 921277AE1B8964A90053F0AE /* AFURLSessionManager.m */; };
		921277CA1B8964B70053F0AE /* AFNetworkActivityIndicatorManager.m in Sources */ = {isa = PBXBuildFile; fileRef = 921277B91B8964B70053F0AE /* AFNetworkActivityIndicatorManager.m */; };
		921277CB1B8964B70053F0AE /* UIActivityIndicatorView+AFNetworking.m in Sources */ = {isa = PBXBuildFile; fileRef = 921277BB1B8964B70053F0AE /* UIActivityIndicatorView+AFNetworking.m */; };
		921277CC1B8964B70053F0AE /* UIAlertView+AFNetworking.m in Sources */ = {isa = PBXBuildFile; fileRef = 921277BD1B8964B70053F0AE /* UIAlertView+AFNetworking.m */; };
		921277CD1B8964B70053F0AE /* UIButton+AFNetworking.m in Sources */ = {isa = PBXBuildFile; fileRef = 921277BF1B8964B70053F0AE /* UIButton+AFNetworking.m */; };
		921277CE1B8964B70053F0AE /* UIImageView+AFNetworking.m in Sources */ = {isa = PBXBuildFile; fileRef = 921277C21B8964B70053F0AE /* UIImageView+AFNetworking.m */; };
		921277CF1B8964B70053F0AE /* UIProgressView+AFNetworking.m in Sources */ = {isa = PBXBuildFile; fileRef = 921277C51B8964B70053F0AE /* UIProgressView+AFNetworking.m */; };
		921277D01B8964B70053F0AE /* UIRefreshControl+AFNetworking.m in Sources */ = {isa = PBXBuildFile; fileRef = 921277C71B8964B70053F0AE /* UIRefreshControl+AFNetworking.m */; };
		921277D11B8964B70053F0AE /* UIWebView+AFNetworking.m in Sources */ = {isa = PBXBuildFile; fileRef = 921277C91B8964B70053F0AE /* UIWebView+AFNetworking.m */; };
		921277D41B8964C20053F0AE /* FXBlurView.m in Sources */ = {isa = PBXBuildFile; fileRef = 921277D31B8964C20053F0AE /* FXBlurView.m */; };
		921277D71B8965200053F0AE /* UIAlertView+RSTAdditions.m in Sources */ = {isa = PBXBuildFile; fileRef = 921277D61B8965200053F0AE /* UIAlertView+RSTAdditions.m */; };
		921277DA1B8965730053F0AE /* NSDate+Comparing.m in Sources */ = {isa = PBXBuildFile; fileRef = 921277D91B8965730053F0AE /* NSDate+Comparing.m */; };
		921ABD181B824F3F00C6A0F1 /* Bolts.framework in Frameworks */ = {isa = PBXBuildFile; fileRef = 921ABD141B824F3F00C6A0F1 /* Bolts.framework */; };
		921ABD191B824F3F00C6A0F1 /* Crashlytics.framework in Frameworks */ = {isa = PBXBuildFile; fileRef = 921ABD151B824F3F00C6A0F1 /* Crashlytics.framework */; };
		921ABD1A1B824F3F00C6A0F1 /* Fabric.framework in Frameworks */ = {isa = PBXBuildFile; fileRef = 921ABD161B824F3F00C6A0F1 /* Fabric.framework */; };
		921ABD1B1B824F3F00C6A0F1 /* Parse.framework in Frameworks */ = {isa = PBXBuildFile; fileRef = 921ABD171B824F3F00C6A0F1 /* Parse.framework */; };
		9241CD9C1BA114AC003544A4 /* iRec WatchKit Extension.appex in Embed App Extensions */ = {isa = PBXBuildFile; fileRef = 92E556F71B3F1C7E0013CC7D /* iRec WatchKit Extension.appex */; settings = {ATTRIBUTES = (RemoveHeadersOnCopy, ); }; };
		9241CD9F1BA114AC003544A4 /* iRec WatchKit App.app in Embed Watch Content */ = {isa = PBXBuildFile; fileRef = 92E557061B3F1C7E0013CC7D /* iRec WatchKit App.app */; };
		9259B58A1A9FEC0A0072AD4F /* WelcomeViewController.m in Sources */ = {isa = PBXBuildFile; fileRef = 9259B5891A9FEC0A0072AD4F /* WelcomeViewController.m */; };
		92657C561AC0A67E009112E4 /* LegalViewController.m in Sources */ = {isa = PBXBuildFile; fileRef = 92657C551AC0A67E009112E4 /* LegalViewController.m */; };
		9270221F1AF9964100A78EE9 /* TermsConditionsViewController.m in Sources */ = {isa = PBXBuildFile; fileRef = 9270221E1AF9964100A78EE9 /* TermsConditionsViewController.m */; };
		927ADA431B13B2E400B4887C /* WatchSupportViewController.m in Sources */ = {isa = PBXBuildFile; fileRef = 927ADA421B13B2E400B4887C /* WatchSupportViewController.m */; };
		92964A5A1BA8EFA100DB8849 /* InAppSettings.bundle in Resources */ = {isa = PBXBuildFile; fileRef = 92964A591BA8EFA100DB8849 /* InAppSettings.bundle */; };
		92964A621BA8F0EF00DB8849 /* SettingsViewController.m in Sources */ = {isa = PBXBuildFile; fileRef = 92964A611BA8F0EF00DB8849 /* SettingsViewController.m */; };
		92B0293F1B8CBDD100A4F46A /* LaunchScreen.storyboard in Resources */ = {isa = PBXBuildFile; fileRef = 9255475D1B7D8E2700F075B6 /* LaunchScreen.storyboard */; };
		92B97F501B8D8B090061C95C /* ScreenRecorder.m in Sources */ = {isa = PBXBuildFile; fileRef = 92B97F4F1B8D8B090061C95C /* ScreenRecorder.m */; };
		92D069671B9B929A00169D8B /* LegalText.txt in Resources */ = {isa = PBXBuildFile; fileRef = 92D069661B9B929A00169D8B /* LegalText.txt */; };
		92E557021B3F1C7E0013CC7D /* Assets.xcassets in Resources */ = {isa = PBXBuildFile; fileRef = 92E557011B3F1C7E0013CC7D /* Assets.xcassets */; };
		92E5570F1B3F1C7E0013CC7D /* Assets.xcassets in Resources */ = {isa = PBXBuildFile; fileRef = 92E5570E1B3F1C7E0013CC7D /* Assets.xcassets */; };
		92E5571D1B3F1E690013CC7D /* iRec WatchKit Extension.entitlements in Resources */ = {isa = PBXBuildFile; fileRef = 92E5571C1B3F1E690013CC7D /* iRec WatchKit Extension.entitlements */; };
		92E557221B3F1E9D0013CC7D /* InterfaceController.m in Sources */ = {isa = PBXBuildFile; fileRef = 92E557211B3F1E9D0013CC7D /* InterfaceController.m */; };
		92E557251B3F1EA60013CC7D /* AboutInterfaceController.m in Sources */ = {isa = PBXBuildFile; fileRef = 92E557241B3F1EA60013CC7D /* AboutInterfaceController.m */; };
		92E557281B3F1EAE0013CC7D /* NotificationController.m in Sources */ = {isa = PBXBuildFile; fileRef = 92E557271B3F1EAE0013CC7D /* NotificationController.m */; };
		92E5572A1B3F1EE90013CC7D /* Interface.storyboard in Resources */ = {isa = PBXBuildFile; fileRef = 92E557291B3F1EE90013CC7D /* Interface.storyboard */; };
		92F122DB1B141286001E1061 /* Settings-Watch.bundle in Resources */ = {isa = PBXBuildFile; fileRef = 92F122DA1B141286001E1061 /* Settings-Watch.bundle */; };
/* End PBXBuildFile section */

/* Begin PBXContainerItemProxy section */
		9241CD9A1BA114AC003544A4 /* PBXContainerItemProxy */ = {
			isa = PBXContainerItemProxy;
			containerPortal = 920CCFB01A94DAC2004BD668 /* Project object */;
			proxyType = 1;
			remoteGlobalIDString = 92E556F61B3F1C7E0013CC7D;
			remoteInfo = "iRec WatchKit Extension";
		};
		9241CD9D1BA114AC003544A4 /* PBXContainerItemProxy */ = {
			isa = PBXContainerItemProxy;
			containerPortal = 920CCFB01A94DAC2004BD668 /* Project object */;
			proxyType = 1;
			remoteGlobalIDString = 92E557051B3F1C7E0013CC7D;
			remoteInfo = "iRec WatchKit App";
		};
/* End PBXContainerItemProxy section */

/* Begin PBXCopyFilesBuildPhase section */
		9241CDA01BA114AC003544A4 /* Embed App Extensions */ = {
			isa = PBXCopyFilesBuildPhase;
			buildActionMask = 2147483647;
			dstPath = "";
			dstSubfolderSpec = 13;
			files = (
				9241CD9C1BA114AC003544A4 /* iRec WatchKit Extension.appex in Embed App Extensions */,
			);
			name = "Embed App Extensions";
			runOnlyForDeploymentPostprocessing = 0;
		};
		9241CDA11BA114AC003544A4 /* Embed Watch Content */ = {
			isa = PBXCopyFilesBuildPhase;
			buildActionMask = 2147483647;
			dstPath = "$(CONTENTS_FOLDER_PATH)/Watch";
			dstSubfolderSpec = 16;
			files = (
				9241CD9F1BA114AC003544A4 /* iRec WatchKit App.app in Embed Watch Content */,
			);
			name = "Embed Watch Content";
			runOnlyForDeploymentPostprocessing = 0;
		};
		92D945F01B2CC7DB00FF16EE /* Embed Watch Content */ = {
			isa = PBXCopyFilesBuildPhase;
			buildActionMask = 2147483647;
			dstPath = "$(CONTENTS_FOLDER_PATH)/Watch";
			dstSubfolderSpec = 16;
			files = (
			);
			name = "Embed Watch Content";
			runOnlyForDeploymentPostprocessing = 0;
		};
/* End PBXCopyFilesBuildPhase section */

/* Begin PBXFileReference section */
		920CCFBA1A94DAD1004BD668 /* iRec.app */ = {isa = PBXFileReference; explicitFileType = wrapper.application; includeInIndex = 0; path = iRec.app; sourceTree = BUILT_PRODUCTS_DIR; };
		920CCFBE1A94DAD1004BD668 /* Info.plist */ = {isa = PBXFileReference; lastKnownFileType = text.plist.xml; path = Info.plist; sourceTree = "<group>"; };
		920CCFBF1A94DAD1004BD668 /* main.m */ = {isa = PBXFileReference; lastKnownFileType = sourcecode.c.objc; path = main.m; sourceTree = "<group>"; };
		920CCFC11A94DAD1004BD668 /* AppDelegate.h */ = {isa = PBXFileReference; lastKnownFileType = sourcecode.c.h; path = AppDelegate.h; sourceTree = "<group>"; };
		920CCFC21A94DAD1004BD668 /* AppDelegate.m */ = {isa = PBXFileReference; lastKnownFileType = sourcecode.c.objc; path = AppDelegate.m; sourceTree = "<group>"; };
		920CCFCB1A94DAD1004BD668 /* Base */ = {isa = PBXFileReference; lastKnownFileType = file.storyboard; name = Base; path = Base.lproj/Main.storyboard; sourceTree = "<group>"; };
		920CCFCD1A94DAD1004BD668 /* Images.xcassets */ = {isa = PBXFileReference; lastKnownFileType = folder.assetcatalog; path = Images.xcassets; sourceTree = "<group>"; };
		920CCFE41A94DB1A004BD668 /* ScreenRecorder.h */ = {isa = PBXFileReference; fileEncoding = 4; lastKnownFileType = sourcecode.c.h; path = ScreenRecorder.h; sourceTree = "<group>"; };
		920CCFF61A94DC9C004BD668 /* NewRecordingViewController.h */ = {isa = PBXFileReference; fileEncoding = 4; lastKnownFileType = sourcecode.c.h; path = NewRecordingViewController.h; sourceTree = "<group>"; };
		920CCFF71A94DC9C004BD668 /* NewRecordingViewController.m */ = {isa = PBXFileReference; fileEncoding = 4; lastKnownFileType = sourcecode.c.objc; path = NewRecordingViewController.m; sourceTree = "<group>"; };
		920CCFFA1A94DE0E004BD668 /* RecordingsViewController.h */ = {isa = PBXFileReference; fileEncoding = 4; lastKnownFileType = sourcecode.c.h; path = RecordingsViewController.h; sourceTree = "<group>"; };
		920CCFFB1A94DE0E004BD668 /* RecordingsViewController.m */ = {isa = PBXFileReference; fileEncoding = 4; lastKnownFileType = sourcecode.c.objc; path = RecordingsViewController.m; sourceTree = "<group>"; };
		920CD0021A94DF08004BD668 /* CreditTableViewController.h */ = {isa = PBXFileReference; fileEncoding = 4; lastKnownFileType = sourcecode.c.h; path = CreditTableViewController.h; sourceTree = "<group>"; };
		920CD0031A94DF08004BD668 /* CreditTableViewController.m */ = {isa = PBXFileReference; fileEncoding = 4; lastKnownFileType = sourcecode.c.objc; path = CreditTableViewController.m; sourceTree = "<group>"; };
		920CD0061A94DF48004BD668 /* SoftwareUpdate.h */ = {isa = PBXFileReference; fileEncoding = 4; lastKnownFileType = sourcecode.c.h; path = SoftwareUpdate.h; sourceTree = "<group>"; };
		920CD0071A94DF48004BD668 /* SoftwareUpdate.m */ = {isa = PBXFileReference; fileEncoding = 4; lastKnownFileType = sourcecode.c.objc; path = SoftwareUpdate.m; sourceTree = "<group>"; };
		920CD0081A94DF48004BD668 /* SoftwareUpdateOperation.h */ = {isa = PBXFileReference; fileEncoding = 4; lastKnownFileType = sourcecode.c.h; path = SoftwareUpdateOperation.h; sourceTree = "<group>"; };
		920CD0091A94DF48004BD668 /* SoftwareUpdateOperation.m */ = {isa = PBXFileReference; fileEncoding = 4; lastKnownFileType = sourcecode.c.objc; path = SoftwareUpdateOperation.m; sourceTree = "<group>"; };
		920CD00A1A94DF48004BD668 /* UpdateViewController.h */ = {isa = PBXFileReference; fileEncoding = 4; lastKnownFileType = sourcecode.c.h; path = UpdateViewController.h; sourceTree = "<group>"; };
		920CD00B1A94DF48004BD668 /* UpdateViewController.m */ = {isa = PBXFileReference; fileEncoding = 4; lastKnownFileType = sourcecode.c.objc; path = UpdateViewController.m; sourceTree = "<group>"; };
		920CD04B1A94E05D004BD668 /* BetaTestersViewController.h */ = {isa = PBXFileReference; fileEncoding = 4; lastKnownFileType = sourcecode.c.h; path = BetaTestersViewController.h; sourceTree = "<group>"; };
		920CD04C1A94E05D004BD668 /* BetaTestersViewController.m */ = {isa = PBXFileReference; fileEncoding = 4; lastKnownFileType = sourcecode.c.objc; path = BetaTestersViewController.m; sourceTree = "<group>"; };
		920CD0531A94E7B9004BD668 /* iRec.entitlements */ = {isa = PBXFileReference; lastKnownFileType = text.xml; path = iRec.entitlements; sourceTree = "<group>"; };
		921277341B89646F0053F0AE /* IASKAppSettingsViewController.h */ = {isa = PBXFileReference; fileEncoding = 4; lastKnownFileType = sourcecode.c.h; name = IASKAppSettingsViewController.h; path = Extras/InAppSettingsKit/Controllers/IASKAppSettingsViewController.h; sourceTree = SOURCE_ROOT; };
		921277351B89646F0053F0AE /* IASKAppSettingsViewController.m */ = {isa = PBXFileReference; fileEncoding = 4; lastKnownFileType = sourcecode.c.objc; name = IASKAppSettingsViewController.m; path = Extras/InAppSettingsKit/Controllers/IASKAppSettingsViewController.m; sourceTree = SOURCE_ROOT; };
		921277361B89646F0053F0AE /* IASKAppSettingsWebViewController.h */ = {isa = PBXFileReference; fileEncoding = 4; lastKnownFileType = sourcecode.c.h; name = IASKAppSettingsWebViewController.h; path = Extras/InAppSettingsKit/Controllers/IASKAppSettingsWebViewController.h; sourceTree = SOURCE_ROOT; };
		921277371B89646F0053F0AE /* IASKAppSettingsWebViewController.m */ = {isa = PBXFileReference; fileEncoding = 4; lastKnownFileType = sourcecode.c.objc; name = IASKAppSettingsWebViewController.m; path = Extras/InAppSettingsKit/Controllers/IASKAppSettingsWebViewController.m; sourceTree = SOURCE_ROOT; };
		921277381B89646F0053F0AE /* IASKMultipleValueSelection.h */ = {isa = PBXFileReference; fileEncoding = 4; lastKnownFileType = sourcecode.c.h; name = IASKMultipleValueSelection.h; path = Extras/InAppSettingsKit/Controllers/IASKMultipleValueSelection.h; sourceTree = SOURCE_ROOT; };
		921277391B89646F0053F0AE /* IASKMultipleValueSelection.m */ = {isa = PBXFileReference; fileEncoding = 4; lastKnownFileType = sourcecode.c.objc; name = IASKMultipleValueSelection.m; path = Extras/InAppSettingsKit/Controllers/IASKMultipleValueSelection.m; sourceTree = SOURCE_ROOT; };
		9212773A1B89646F0053F0AE /* IASKSpecifierValuesViewController.h */ = {isa = PBXFileReference; fileEncoding = 4; lastKnownFileType = sourcecode.c.h; name = IASKSpecifierValuesViewController.h; path = Extras/InAppSettingsKit/Controllers/IASKSpecifierValuesViewController.h; sourceTree = SOURCE_ROOT; };
		9212773B1B89646F0053F0AE /* IASKSpecifierValuesViewController.m */ = {isa = PBXFileReference; fileEncoding = 4; lastKnownFileType = sourcecode.c.objc; name = IASKSpecifierValuesViewController.m; path = Extras/InAppSettingsKit/Controllers/IASKSpecifierValuesViewController.m; sourceTree = SOURCE_ROOT; };
		9212773C1B89646F0053F0AE /* IASKViewController.h */ = {isa = PBXFileReference; fileEncoding = 4; lastKnownFileType = sourcecode.c.h; name = IASKViewController.h; path = Extras/InAppSettingsKit/Controllers/IASKViewController.h; sourceTree = SOURCE_ROOT; };
		921277411B8964790053F0AE /* IASKSettingsReader.h */ = {isa = PBXFileReference; fileEncoding = 4; lastKnownFileType = sourcecode.c.h; name = IASKSettingsReader.h; path = Extras/InAppSettingsKit/Models/IASKSettingsReader.h; sourceTree = SOURCE_ROOT; };
		921277421B8964790053F0AE /* IASKSettingsReader.m */ = {isa = PBXFileReference; fileEncoding = 4; lastKnownFileType = sourcecode.c.objc; name = IASKSettingsReader.m; path = Extras/InAppSettingsKit/Models/IASKSettingsReader.m; sourceTree = SOURCE_ROOT; };
		921277431B8964790053F0AE /* IASKSettingsStore.h */ = {isa = PBXFileReference; fileEncoding = 4; lastKnownFileType = sourcecode.c.h; name = IASKSettingsStore.h; path = Extras/InAppSettingsKit/Models/IASKSettingsStore.h; sourceTree = SOURCE_ROOT; };
		921277441B8964790053F0AE /* IASKSettingsStore.m */ = {isa = PBXFileReference; fileEncoding = 4; lastKnownFileType = sourcecode.c.objc; name = IASKSettingsStore.m; path = Extras/InAppSettingsKit/Models/IASKSettingsStore.m; sourceTree = SOURCE_ROOT; };
		921277451B8964790053F0AE /* IASKSettingsStoreFile.h */ = {isa = PBXFileReference; fileEncoding = 4; lastKnownFileType = sourcecode.c.h; name = IASKSettingsStoreFile.h; path = Extras/InAppSettingsKit/Models/IASKSettingsStoreFile.h; sourceTree = SOURCE_ROOT; };
		921277461B8964790053F0AE /* IASKSettingsStoreFile.m */ = {isa = PBXFileReference; fileEncoding = 4; lastKnownFileType = sourcecode.c.objc; name = IASKSettingsStoreFile.m; path = Extras/InAppSettingsKit/Models/IASKSettingsStoreFile.m; sourceTree = SOURCE_ROOT; };
		921277471B8964790053F0AE /* IASKSettingsStoreUserDefaults.h */ = {isa = PBXFileReference; fileEncoding = 4; lastKnownFileType = sourcecode.c.h; name = IASKSettingsStoreUserDefaults.h; path = Extras/InAppSettingsKit/Models/IASKSettingsStoreUserDefaults.h; sourceTree = SOURCE_ROOT; };
		921277481B8964790053F0AE /* IASKSettingsStoreUserDefaults.m */ = {isa = PBXFileReference; fileEncoding = 4; lastKnownFileType = sourcecode.c.objc; name = IASKSettingsStoreUserDefaults.m; path = Extras/InAppSettingsKit/Models/IASKSettingsStoreUserDefaults.m; sourceTree = SOURCE_ROOT; };
		921277491B8964790053F0AE /* IASKSpecifier.h */ = {isa = PBXFileReference; fileEncoding = 4; lastKnownFileType = sourcecode.c.h; name = IASKSpecifier.h; path = Extras/InAppSettingsKit/Models/IASKSpecifier.h; sourceTree = SOURCE_ROOT; };
		9212774A1B8964790053F0AE /* IASKSpecifier.m */ = {isa = PBXFileReference; fileEncoding = 4; lastKnownFileType = sourcecode.c.objc; name = IASKSpecifier.m; path = Extras/InAppSettingsKit/Models/IASKSpecifier.m; sourceTree = SOURCE_ROOT; };
		921277531B8964890053F0AE /* Base */ = {isa = PBXFileReference; lastKnownFileType = text.plist.strings; name = Base; path = IASKLocalizable.strings; sourceTree = "<group>"; };
		9212775C1B8964890053F0AE /* en */ = {isa = PBXFileReference; lastKnownFileType = text.plist.strings; name = en; path = IASKLocalizable.strings; sourceTree = "<group>"; };
		9212778D1B8964980053F0AE /* IASKPSSliderSpecifierViewCell.h */ = {isa = PBXFileReference; fileEncoding = 4; lastKnownFileType = sourcecode.c.h; name = IASKPSSliderSpecifierViewCell.h; path = Extras/InAppSettingsKit/Views/IASKPSSliderSpecifierViewCell.h; sourceTree = SOURCE_ROOT; };
		9212778E1B8964980053F0AE /* IASKPSSliderSpecifierViewCell.m */ = {isa = PBXFileReference; fileEncoding = 4; lastKnownFileType = sourcecode.c.objc; name = IASKPSSliderSpecifierViewCell.m; path = Extras/InAppSettingsKit/Views/IASKPSSliderSpecifierViewCell.m; sourceTree = SOURCE_ROOT; };
		9212778F1B8964980053F0AE /* IASKPSTextFieldSpecifierViewCell.h */ = {isa = PBXFileReference; fileEncoding = 4; lastKnownFileType = sourcecode.c.h; name = IASKPSTextFieldSpecifierViewCell.h; path = Extras/InAppSettingsKit/Views/IASKPSTextFieldSpecifierViewCell.h; sourceTree = SOURCE_ROOT; };
		921277901B8964980053F0AE /* IASKPSTextFieldSpecifierViewCell.m */ = {isa = PBXFileReference; fileEncoding = 4; lastKnownFileType = sourcecode.c.objc; name = IASKPSTextFieldSpecifierViewCell.m; path = Extras/InAppSettingsKit/Views/IASKPSTextFieldSpecifierViewCell.m; sourceTree = SOURCE_ROOT; };
		921277911B8964980053F0AE /* IASKSlider.h */ = {isa = PBXFileReference; fileEncoding = 4; lastKnownFileType = sourcecode.c.h; name = IASKSlider.h; path = Extras/InAppSettingsKit/Views/IASKSlider.h; sourceTree = SOURCE_ROOT; };
		921277921B8964980053F0AE /* IASKSlider.m */ = {isa = PBXFileReference; fileEncoding = 4; lastKnownFileType = sourcecode.c.objc; name = IASKSlider.m; path = Extras/InAppSettingsKit/Views/IASKSlider.m; sourceTree = SOURCE_ROOT; };
		921277931B8964980053F0AE /* IASKSwitch.h */ = {isa = PBXFileReference; fileEncoding = 4; lastKnownFileType = sourcecode.c.h; name = IASKSwitch.h; path = Extras/InAppSettingsKit/Views/IASKSwitch.h; sourceTree = SOURCE_ROOT; };
		921277941B8964980053F0AE /* IASKSwitch.m */ = {isa = PBXFileReference; fileEncoding = 4; lastKnownFileType = sourcecode.c.objc; name = IASKSwitch.m; path = Extras/InAppSettingsKit/Views/IASKSwitch.m; sourceTree = SOURCE_ROOT; };
		921277951B8964980053F0AE /* IASKTextField.h */ = {isa = PBXFileReference; fileEncoding = 4; lastKnownFileType = sourcecode.c.h; name = IASKTextField.h; path = Extras/InAppSettingsKit/Views/IASKTextField.h; sourceTree = SOURCE_ROOT; };
		921277961B8964980053F0AE /* IASKTextField.m */ = {isa = PBXFileReference; fileEncoding = 4; lastKnownFileType = sourcecode.c.objc; name = IASKTextField.m; path = Extras/InAppSettingsKit/Views/IASKTextField.m; sourceTree = SOURCE_ROOT; };
		9212779C1B8964A90053F0AE /* AFHTTPRequestOperation.h */ = {isa = PBXFileReference; fileEncoding = 4; lastKnownFileType = sourcecode.c.h; name = AFHTTPRequestOperation.h; path = Extras/AFNetworking/AFHTTPRequestOperation.h; sourceTree = SOURCE_ROOT; };
		9212779D1B8964A90053F0AE /* AFHTTPRequestOperation.m */ = {isa = PBXFileReference; fileEncoding = 4; lastKnownFileType = sourcecode.c.objc; name = AFHTTPRequestOperation.m; path = Extras/AFNetworking/AFHTTPRequestOperation.m; sourceTree = SOURCE_ROOT; };
		9212779E1B8964A90053F0AE /* AFHTTPRequestOperationManager.h */ = {isa = PBXFileReference; fileEncoding = 4; lastKnownFileType = sourcecode.c.h; name = AFHTTPRequestOperationManager.h; path = Extras/AFNetworking/AFHTTPRequestOperationManager.h; sourceTree = SOURCE_ROOT; };
		9212779F1B8964A90053F0AE /* AFHTTPRequestOperationManager.m */ = {isa = PBXFileReference; fileEncoding = 4; lastKnownFileType = sourcecode.c.objc; name = AFHTTPRequestOperationManager.m; path = Extras/AFNetworking/AFHTTPRequestOperationManager.m; sourceTree = SOURCE_ROOT; };
		921277A01B8964A90053F0AE /* AFHTTPSessionManager.h */ = {isa = PBXFileReference; fileEncoding = 4; lastKnownFileType = sourcecode.c.h; name = AFHTTPSessionManager.h; path = Extras/AFNetworking/AFHTTPSessionManager.h; sourceTree = SOURCE_ROOT; };
		921277A11B8964A90053F0AE /* AFHTTPSessionManager.m */ = {isa = PBXFileReference; fileEncoding = 4; lastKnownFileType = sourcecode.c.objc; name = AFHTTPSessionManager.m; path = Extras/AFNetworking/AFHTTPSessionManager.m; sourceTree = SOURCE_ROOT; };
		921277A21B8964A90053F0AE /* AFNetworking.h */ = {isa = PBXFileReference; fileEncoding = 4; lastKnownFileType = sourcecode.c.h; name = AFNetworking.h; path = Extras/AFNetworking/AFNetworking.h; sourceTree = SOURCE_ROOT; };
		921277A31B8964A90053F0AE /* AFNetworkReachabilityManager.h */ = {isa = PBXFileReference; fileEncoding = 4; lastKnownFileType = sourcecode.c.h; name = AFNetworkReachabilityManager.h; path = Extras/AFNetworking/AFNetworkReachabilityManager.h; sourceTree = SOURCE_ROOT; };
		921277A41B8964A90053F0AE /* AFNetworkReachabilityManager.m */ = {isa = PBXFileReference; fileEncoding = 4; lastKnownFileType = sourcecode.c.objc; name = AFNetworkReachabilityManager.m; path = Extras/AFNetworking/AFNetworkReachabilityManager.m; sourceTree = SOURCE_ROOT; };
		921277A51B8964A90053F0AE /* AFSecurityPolicy.h */ = {isa = PBXFileReference; fileEncoding = 4; lastKnownFileType = sourcecode.c.h; name = AFSecurityPolicy.h; path = Extras/AFNetworking/AFSecurityPolicy.h; sourceTree = SOURCE_ROOT; };
		921277A61B8964A90053F0AE /* AFSecurityPolicy.m */ = {isa = PBXFileReference; fileEncoding = 4; lastKnownFileType = sourcecode.c.objc; name = AFSecurityPolicy.m; path = Extras/AFNetworking/AFSecurityPolicy.m; sourceTree = SOURCE_ROOT; };
		921277A71B8964A90053F0AE /* AFURLConnectionOperation.h */ = {isa = PBXFileReference; fileEncoding = 4; lastKnownFileType = sourcecode.c.h; name = AFURLConnectionOperation.h; path = Extras/AFNetworking/AFURLConnectionOperation.h; sourceTree = SOURCE_ROOT; };
		921277A81B8964A90053F0AE /* AFURLConnectionOperation.m */ = {isa = PBXFileReference; fileEncoding = 4; lastKnownFileType = sourcecode.c.objc; name = AFURLConnectionOperation.m; path = Extras/AFNetworking/AFURLConnectionOperation.m; sourceTree = SOURCE_ROOT; };
		921277A91B8964A90053F0AE /* AFURLRequestSerialization.h */ = {isa = PBXFileReference; fileEncoding = 4; lastKnownFileType = sourcecode.c.h; name = AFURLRequestSerialization.h; path = Extras/AFNetworking/AFURLRequestSerialization.h; sourceTree = SOURCE_ROOT; };
		921277AA1B8964A90053F0AE /* AFURLRequestSerialization.m */ = {isa = PBXFileReference; fileEncoding = 4; lastKnownFileType = sourcecode.c.objc; name = AFURLRequestSerialization.m; path = Extras/AFNetworking/AFURLRequestSerialization.m; sourceTree = SOURCE_ROOT; };
		921277AB1B8964A90053F0AE /* AFURLResponseSerialization.h */ = {isa = PBXFileReference; fileEncoding = 4; lastKnownFileType = sourcecode.c.h; name = AFURLResponseSerialization.h; path = Extras/AFNetworking/AFURLResponseSerialization.h; sourceTree = SOURCE_ROOT; };
		921277AC1B8964A90053F0AE /* AFURLResponseSerialization.m */ = {isa = PBXFileReference; fileEncoding = 4; lastKnownFileType = sourcecode.c.objc; name = AFURLResponseSerialization.m; path = Extras/AFNetworking/AFURLResponseSerialization.m; sourceTree = SOURCE_ROOT; };
		921277AD1B8964A90053F0AE /* AFURLSessionManager.h */ = {isa = PBXFileReference; fileEncoding = 4; lastKnownFileType = sourcecode.c.h; name = AFURLSessionManager.h; path = Extras/AFNetworking/AFURLSessionManager.h; sourceTree = SOURCE_ROOT; };
		921277AE1B8964A90053F0AE /* AFURLSessionManager.m */ = {isa = PBXFileReference; fileEncoding = 4; lastKnownFileType = sourcecode.c.objc; name = AFURLSessionManager.m; path = Extras/AFNetworking/AFURLSessionManager.m; sourceTree = SOURCE_ROOT; };
		921277B81B8964B70053F0AE /* AFNetworkActivityIndicatorManager.h */ = {isa = PBXFileReference; fileEncoding = 4; lastKnownFileType = sourcecode.c.h; name = AFNetworkActivityIndicatorManager.h; path = "Extras/UIKit+AFNetworking/AFNetworkActivityIndicatorManager.h"; sourceTree = SOURCE_ROOT; };
		921277B91B8964B70053F0AE /* AFNetworkActivityIndicatorManager.m */ = {isa = PBXFileReference; fileEncoding = 4; lastKnownFileType = sourcecode.c.objc; name = AFNetworkActivityIndicatorManager.m; path = "Extras/UIKit+AFNetworking/AFNetworkActivityIndicatorManager.m"; sourceTree = SOURCE_ROOT; };
		921277BA1B8964B70053F0AE /* UIActivityIndicatorView+AFNetworking.h */ = {isa = PBXFileReference; fileEncoding = 4; lastKnownFileType = sourcecode.c.h; name = "UIActivityIndicatorView+AFNetworking.h"; path = "Extras/UIKit+AFNetworking/UIActivityIndicatorView+AFNetworking.h"; sourceTree = SOURCE_ROOT; };
		921277BB1B8964B70053F0AE /* UIActivityIndicatorView+AFNetworking.m */ = {isa = PBXFileReference; fileEncoding = 4; lastKnownFileType = sourcecode.c.objc; name = "UIActivityIndicatorView+AFNetworking.m"; path = "Extras/UIKit+AFNetworking/UIActivityIndicatorView+AFNetworking.m"; sourceTree = SOURCE_ROOT; };
		921277BC1B8964B70053F0AE /* UIAlertView+AFNetworking.h */ = {isa = PBXFileReference; fileEncoding = 4; lastKnownFileType = sourcecode.c.h; name = "UIAlertView+AFNetworking.h"; path = "Extras/UIKit+AFNetworking/UIAlertView+AFNetworking.h"; sourceTree = SOURCE_ROOT; };
		921277BD1B8964B70053F0AE /* UIAlertView+AFNetworking.m */ = {isa = PBXFileReference; fileEncoding = 4; lastKnownFileType = sourcecode.c.objc; name = "UIAlertView+AFNetworking.m"; path = "Extras/UIKit+AFNetworking/UIAlertView+AFNetworking.m"; sourceTree = SOURCE_ROOT; };
		921277BE1B8964B70053F0AE /* UIButton+AFNetworking.h */ = {isa = PBXFileReference; fileEncoding = 4; lastKnownFileType = sourcecode.c.h; name = "UIButton+AFNetworking.h"; path = "Extras/UIKit+AFNetworking/UIButton+AFNetworking.h"; sourceTree = SOURCE_ROOT; };
		921277BF1B8964B70053F0AE /* UIButton+AFNetworking.m */ = {isa = PBXFileReference; fileEncoding = 4; lastKnownFileType = sourcecode.c.objc; name = "UIButton+AFNetworking.m"; path = "Extras/UIKit+AFNetworking/UIButton+AFNetworking.m"; sourceTree = SOURCE_ROOT; };
		921277C01B8964B70053F0AE /* UIImage+AFNetworking.h */ = {isa = PBXFileReference; fileEncoding = 4; lastKnownFileType = sourcecode.c.h; name = "UIImage+AFNetworking.h"; path = "Extras/UIKit+AFNetworking/UIImage+AFNetworking.h"; sourceTree = SOURCE_ROOT; };
		921277C11B8964B70053F0AE /* UIImageView+AFNetworking.h */ = {isa = PBXFileReference; fileEncoding = 4; lastKnownFileType = sourcecode.c.h; name = "UIImageView+AFNetworking.h"; path = "Extras/UIKit+AFNetworking/UIImageView+AFNetworking.h"; sourceTree = SOURCE_ROOT; };
		921277C21B8964B70053F0AE /* UIImageView+AFNetworking.m */ = {isa = PBXFileReference; fileEncoding = 4; lastKnownFileType = sourcecode.c.objc; name = "UIImageView+AFNetworking.m"; path = "Extras/UIKit+AFNetworking/UIImageView+AFNetworking.m"; sourceTree = SOURCE_ROOT; };
		921277C31B8964B70053F0AE /* UIKit+AFNetworking.h */ = {isa = PBXFileReference; fileEncoding = 4; lastKnownFileType = sourcecode.c.h; name = "UIKit+AFNetworking.h"; path = "Extras/UIKit+AFNetworking/UIKit+AFNetworking.h"; sourceTree = SOURCE_ROOT; };
		921277C41B8964B70053F0AE /* UIProgressView+AFNetworking.h */ = {isa = PBXFileReference; fileEncoding = 4; lastKnownFileType = sourcecode.c.h; name = "UIProgressView+AFNetworking.h"; path = "Extras/UIKit+AFNetworking/UIProgressView+AFNetworking.h"; sourceTree = SOURCE_ROOT; };
		921277C51B8964B70053F0AE /* UIProgressView+AFNetworking.m */ = {isa = PBXFileReference; fileEncoding = 4; lastKnownFileType = sourcecode.c.objc; name = "UIProgressView+AFNetworking.m"; path = "Extras/UIKit+AFNetworking/UIProgressView+AFNetworking.m"; sourceTree = SOURCE_ROOT; };
		921277C61B8964B70053F0AE /* UIRefreshControl+AFNetworking.h */ = {isa = PBXFileReference; fileEncoding = 4; lastKnownFileType = sourcecode.c.h; name = "UIRefreshControl+AFNetworking.h"; path = "Extras/UIKit+AFNetworking/UIRefreshControl+AFNetworking.h"; sourceTree = SOURCE_ROOT; };
		921277C71B8964B70053F0AE /* UIRefreshControl+AFNetworking.m */ = {isa = PBXFileReference; fileEncoding = 4; lastKnownFileType = sourcecode.c.objc; name = "UIRefreshControl+AFNetworking.m"; path = "Extras/UIKit+AFNetworking/UIRefreshControl+AFNetworking.m"; sourceTree = SOURCE_ROOT; };
		921277C81B8964B70053F0AE /* UIWebView+AFNetworking.h */ = {isa = PBXFileReference; fileEncoding = 4; lastKnownFileType = sourcecode.c.h; name = "UIWebView+AFNetworking.h"; path = "Extras/UIKit+AFNetworking/UIWebView+AFNetworking.h"; sourceTree = SOURCE_ROOT; };
		921277C91B8964B70053F0AE /* UIWebView+AFNetworking.m */ = {isa = PBXFileReference; fileEncoding = 4; lastKnownFileType = sourcecode.c.objc; name = "UIWebView+AFNetworking.m"; path = "Extras/UIKit+AFNetworking/UIWebView+AFNetworking.m"; sourceTree = SOURCE_ROOT; };
		921277D21B8964C20053F0AE /* FXBlurView.h */ = {isa = PBXFileReference; fileEncoding = 4; lastKnownFileType = sourcecode.c.h; name = FXBlurView.h; path = Extras/FXBlurView/FXBlurView.h; sourceTree = SOURCE_ROOT; };
		921277D31B8964C20053F0AE /* FXBlurView.m */ = {isa = PBXFileReference; fileEncoding = 4; lastKnownFileType = sourcecode.c.objc; name = FXBlurView.m; path = Extras/FXBlurView/FXBlurView.m; sourceTree = SOURCE_ROOT; };
		921277D51B8965200053F0AE /* UIAlertView+RSTAdditions.h */ = {isa = PBXFileReference; fileEncoding = 4; lastKnownFileType = sourcecode.c.h; name = "UIAlertView+RSTAdditions.h"; path = "Extras/UIAlertView+RSTAdditions/UIAlertView+RSTAdditions.h"; sourceTree = SOURCE_ROOT; };
		921277D61B8965200053F0AE /* UIAlertView+RSTAdditions.m */ = {isa = PBXFileReference; fileEncoding = 4; lastKnownFileType = sourcecode.c.objc; name = "UIAlertView+RSTAdditions.m"; path = "Extras/UIAlertView+RSTAdditions/UIAlertView+RSTAdditions.m"; sourceTree = SOURCE_ROOT; };
		921277D81B8965730053F0AE /* NSDate+Comparing.h */ = {isa = PBXFileReference; fileEncoding = 4; lastKnownFileType = sourcecode.c.h; name = "NSDate+Comparing.h"; path = "Extras/NSDate+Comparing/NSDate+Comparing.h"; sourceTree = SOURCE_ROOT; };
		921277D91B8965730053F0AE /* NSDate+Comparing.m */ = {isa = PBXFileReference; fileEncoding = 4; lastKnownFileType = sourcecode.c.objc; name = "NSDate+Comparing.m"; path = "Extras/NSDate+Comparing/NSDate+Comparing.m"; sourceTree = SOURCE_ROOT; };
		921ABD141B824F3F00C6A0F1 /* Bolts.framework */ = {isa = PBXFileReference; lastKnownFileType = wrapper.framework; name = Bolts.framework; path = Frameworks/Bolts.framework; sourceTree = "<group>"; };
		921ABD151B824F3F00C6A0F1 /* Crashlytics.framework */ = {isa = PBXFileReference; lastKnownFileType = wrapper.framework; name = Crashlytics.framework; path = Frameworks/Crashlytics.framework; sourceTree = "<group>"; };
		921ABD161B824F3F00C6A0F1 /* Fabric.framework */ = {isa = PBXFileReference; lastKnownFileType = wrapper.framework; name = Fabric.framework; path = Frameworks/Fabric.framework; sourceTree = "<group>"; };
		921ABD171B824F3F00C6A0F1 /* Parse.framework */ = {isa = PBXFileReference; lastKnownFileType = wrapper.framework; name = Parse.framework; path = Frameworks/Parse.framework; sourceTree = "<group>"; };
		921C214C1B0E95E900CAB36B /* iRec Beta.cer */ = {isa = PBXFileReference; lastKnownFileType = file; path = "iRec Beta.cer"; sourceTree = "<group>"; };
		9255475C1B7D8E2700F075B6 /* Base */ = {isa = PBXFileReference; lastKnownFileType = file.storyboard; name = Base; path = Base.lproj/LaunchScreen.storyboard; sourceTree = "<group>"; };
		9259B5881A9FEC0A0072AD4F /* WelcomeViewController.h */ = {isa = PBXFileReference; fileEncoding = 4; lastKnownFileType = sourcecode.c.h; path = WelcomeViewController.h; sourceTree = "<group>"; };
		9259B5891A9FEC0A0072AD4F /* WelcomeViewController.m */ = {isa = PBXFileReference; fileEncoding = 4; lastKnownFileType = sourcecode.c.objc; path = WelcomeViewController.m; sourceTree = "<group>"; };
		92657C541AC0A67E009112E4 /* LegalViewController.h */ = {isa = PBXFileReference; fileEncoding = 4; lastKnownFileType = sourcecode.c.h; path = LegalViewController.h; sourceTree = "<group>"; };
		92657C551AC0A67E009112E4 /* LegalViewController.m */ = {isa = PBXFileReference; fileEncoding = 4; lastKnownFileType = sourcecode.c.objc; path = LegalViewController.m; sourceTree = "<group>"; };
		9270221D1AF9964100A78EE9 /* TermsConditionsViewController.h */ = {isa = PBXFileReference; fileEncoding = 4; lastKnownFileType = sourcecode.c.h; path = TermsConditionsViewController.h; sourceTree = "<group>"; };
		9270221E1AF9964100A78EE9 /* TermsConditionsViewController.m */ = {isa = PBXFileReference; fileEncoding = 4; lastKnownFileType = sourcecode.c.objc; path = TermsConditionsViewController.m; sourceTree = "<group>"; };
		927ADA411B13B2E400B4887C /* WatchSupportViewController.h */ = {isa = PBXFileReference; fileEncoding = 4; lastKnownFileType = sourcecode.c.h; path = WatchSupportViewController.h; sourceTree = "<group>"; };
		927ADA421B13B2E400B4887C /* WatchSupportViewController.m */ = {isa = PBXFileReference; fileEncoding = 4; lastKnownFileType = sourcecode.c.objc; path = WatchSupportViewController.m; sourceTree = "<group>"; };
		92964A591BA8EFA100DB8849 /* InAppSettings.bundle */ = {isa = PBXFileReference; lastKnownFileType = "wrapper.plug-in"; path = InAppSettings.bundle; sourceTree = "<group>"; };
		92964A601BA8F0EF00DB8849 /* SettingsViewController.h */ = {isa = PBXFileReference; fileEncoding = 4; lastKnownFileType = sourcecode.c.h; path = SettingsViewController.h; sourceTree = "<group>"; };
		92964A611BA8F0EF00DB8849 /* SettingsViewController.m */ = {isa = PBXFileReference; fileEncoding = 4; lastKnownFileType = sourcecode.c.objc; path = SettingsViewController.m; sourceTree = "<group>"; };
		92B97F4F1B8D8B090061C95C /* ScreenRecorder.m */ = {isa = PBXFileReference; fileEncoding = 4; lastKnownFileType = sourcecode.c.objc; path = ScreenRecorder.m; sourceTree = "<group>"; };
		92BF90BC1B69B4BA00BA0E4E /* Private.h */ = {isa = PBXFileReference; fileEncoding = 4; lastKnownFileType = sourcecode.c.h; path = Private.h; sourceTree = "<group>"; };
		92D069661B9B929A00169D8B /* LegalText.txt */ = {isa = PBXFileReference; fileEncoding = 4; lastKnownFileType = text; path = LegalText.txt; sourceTree = "<group>"; };
		92D8AC501B1AB3DA0090CBA5 /* Prefix.pch */ = {isa = PBXFileReference; fileEncoding = 4; lastKnownFileType = sourcecode.c.h; path = Prefix.pch; sourceTree = "<group>"; };
		92E556F71B3F1C7E0013CC7D /* iRec WatchKit Extension.appex */ = {isa = PBXFileReference; explicitFileType = "wrapper.app-extension"; includeInIndex = 0; path = "iRec WatchKit Extension.appex"; sourceTree = BUILT_PRODUCTS_DIR; };
		92E556FA1B3F1C7E0013CC7D /* PushNotificationPayload.apns */ = {isa = PBXFileReference; lastKnownFileType = text; path = PushNotificationPayload.apns; sourceTree = "<group>"; };
		92E557011B3F1C7E0013CC7D /* Assets.xcassets */ = {isa = PBXFileReference; lastKnownFileType = folder.assetcatalog; path = Assets.xcassets; sourceTree = "<group>"; };
		92E557031B3F1C7E0013CC7D /* Info.plist */ = {isa = PBXFileReference; lastKnownFileType = text.plist.xml; path = Info.plist; sourceTree = "<group>"; };
		92E557061B3F1C7E0013CC7D /* iRec WatchKit App.app */ = {isa = PBXFileReference; explicitFileType = wrapper.application; includeInIndex = 0; path = "iRec WatchKit App.app"; sourceTree = BUILT_PRODUCTS_DIR; };
		92E5570E1B3F1C7E0013CC7D /* Assets.xcassets */ = {isa = PBXFileReference; lastKnownFileType = folder.assetcatalog; path = Assets.xcassets; sourceTree = "<group>"; };
		92E557101B3F1C7E0013CC7D /* Info.plist */ = {isa = PBXFileReference; lastKnownFileType = text.plist.xml; path = Info.plist; sourceTree = "<group>"; };
		92E5571C1B3F1E690013CC7D /* iRec WatchKit Extension.entitlements */ = {isa = PBXFileReference; fileEncoding = 4; lastKnownFileType = text.xml; path = "iRec WatchKit Extension.entitlements"; sourceTree = "<group>"; };
		92E557201B3F1E9D0013CC7D /* InterfaceController.h */ = {isa = PBXFileReference; fileEncoding = 4; lastKnownFileType = sourcecode.c.h; path = InterfaceController.h; sourceTree = "<group>"; };
		92E557211B3F1E9D0013CC7D /* InterfaceController.m */ = {isa = PBXFileReference; fileEncoding = 4; lastKnownFileType = sourcecode.c.objc; path = InterfaceController.m; sourceTree = "<group>"; };
		92E557231B3F1EA60013CC7D /* AboutInterfaceController.h */ = {isa = PBXFileReference; fileEncoding = 4; lastKnownFileType = sourcecode.c.h; path = AboutInterfaceController.h; sourceTree = "<group>"; };
		92E557241B3F1EA60013CC7D /* AboutInterfaceController.m */ = {isa = PBXFileReference; fileEncoding = 4; lastKnownFileType = sourcecode.c.objc; path = AboutInterfaceController.m; sourceTree = "<group>"; };
		92E557261B3F1EAE0013CC7D /* NotificationController.h */ = {isa = PBXFileReference; fileEncoding = 4; lastKnownFileType = sourcecode.c.h; path = NotificationController.h; sourceTree = "<group>"; };
		92E557271B3F1EAE0013CC7D /* NotificationController.m */ = {isa = PBXFileReference; fileEncoding = 4; lastKnownFileType = sourcecode.c.objc; path = NotificationController.m; sourceTree = "<group>"; };
		92E557291B3F1EE90013CC7D /* Interface.storyboard */ = {isa = PBXFileReference; fileEncoding = 4; lastKnownFileType = file.storyboard; path = Interface.storyboard; sourceTree = "<group>"; };
		92F122DA1B141286001E1061 /* Settings-Watch.bundle */ = {isa = PBXFileReference; lastKnownFileType = "wrapper.plug-in"; path = "Settings-Watch.bundle"; sourceTree = "<group>"; };
/* End PBXFileReference section */

/* Begin PBXFrameworksBuildPhase section */
		920CCFB71A94DAD1004BD668 /* Frameworks */ = {
			isa = PBXFrameworksBuildPhase;
			buildActionMask = 2147483647;
			files = (
				921ABD181B824F3F00C6A0F1 /* Bolts.framework in Frameworks */,
				921ABD191B824F3F00C6A0F1 /* Crashlytics.framework in Frameworks */,
				921ABD1A1B824F3F00C6A0F1 /* Fabric.framework in Frameworks */,
				921ABD1B1B824F3F00C6A0F1 /* Parse.framework in Frameworks */,
			);
			runOnlyForDeploymentPostprocessing = 0;
		};
		92E556F41B3F1C7E0013CC7D /* Frameworks */ = {
			isa = PBXFrameworksBuildPhase;
			buildActionMask = 2147483647;
			files = (
			);
			runOnlyForDeploymentPostprocessing = 0;
		};
/* End PBXFrameworksBuildPhase section */

/* Begin PBXGroup section */
		920CCFAF1A94DAC2004BD668 = {
			isa = PBXGroup;
			children = (
				920CCFBC1A94DAD1004BD668 /* iRec */,
				92E556F81B3F1C7E0013CC7D /* iRec WatchKit Extension */,
				92E5570A1B3F1C7E0013CC7D /* iRec WatchKit App */,
				920CCFE71A94DB79004BD668 /* Frameworks */,
				920CCFBB1A94DAD1004BD668 /* Products */,
			);
			sourceTree = "<group>";
		};
		920CCFBB1A94DAD1004BD668 /* Products */ = {
			isa = PBXGroup;
			children = (
				920CCFBA1A94DAD1004BD668 /* iRec.app */,
				92E556F71B3F1C7E0013CC7D /* iRec WatchKit Extension.appex */,
				92E557061B3F1C7E0013CC7D /* iRec WatchKit App.app */,
			);
			name = Products;
			sourceTree = "<group>";
		};
		920CCFBC1A94DAD1004BD668 /* iRec */ = {
			isa = PBXGroup;
			children = (
				920CCFC11A94DAD1004BD668 /* AppDelegate.h */,
				920CCFC21A94DAD1004BD668 /* AppDelegate.m */,
				920CCFF01A94DC57004BD668 /* Core */,
				920CD04E1A94E0C3004BD668 /* Interface */,
				9240D8061A9FF76B00C22D76 /* Welcome Screen */,
				920CCFF11A94DC6A004BD668 /* Tab Bar */,
				920CCFCD1A94DAD1004BD668 /* Images.xcassets */,
				920CD0531A94E7B9004BD668 /* iRec.entitlements */,
				92964A591BA8EFA100DB8849 /* InAppSettings.bundle */,
				92F122DA1B141286001E1061 /* Settings-Watch.bundle */,
				920CCFBD1A94DAD1004BD668 /* Supporting Files */,
			);
			path = iRec;
			sourceTree = "<group>";
		};
		920CCFBD1A94DAD1004BD668 /* Supporting Files */ = {
			isa = PBXGroup;
			children = (
				920CCFFD1A94DEC4004BD668 /* Extras */,
				92D8AC501B1AB3DA0090CBA5 /* Prefix.pch */,
				921C214C1B0E95E900CAB36B /* iRec Beta.cer */,
				92D069661B9B929A00169D8B /* LegalText.txt */,
				920CCFBE1A94DAD1004BD668 /* Info.plist */,
				920CCFBF1A94DAD1004BD668 /* main.m */,
			);
			name = "Supporting Files";
			sourceTree = "<group>";
		};
		920CCFE71A94DB79004BD668 /* Frameworks */ = {
			isa = PBXGroup;
			children = (
				921ABD141B824F3F00C6A0F1 /* Bolts.framework */,
				921ABD151B824F3F00C6A0F1 /* Crashlytics.framework */,
				921ABD161B824F3F00C6A0F1 /* Fabric.framework */,
				921ABD171B824F3F00C6A0F1 /* Parse.framework */,
			);
			name = Frameworks;
			sourceTree = "<group>";
		};
		920CCFF01A94DC57004BD668 /* Core */ = {
			isa = PBXGroup;
			children = (
				92BF90BC1B69B4BA00BA0E4E /* Private.h */,
				920CCFE41A94DB1A004BD668 /* ScreenRecorder.h */,
				92B97F4F1B8D8B090061C95C /* ScreenRecorder.m */,
			);
			name = Core;
			sourceTree = "<group>";
		};
		920CCFF11A94DC6A004BD668 /* Tab Bar */ = {
			isa = PBXGroup;
			children = (
				920CCFF51A94DC7D004BD668 /* New Recording */,
				920CCFF91A94DDFB004BD668 /* Recordings */,
				92964A5F1BA8F0E100DB8849 /* Settings */,
				920CD0011A94DEF3004BD668 /* Info */,
			);
			name = "Tab Bar";
			sourceTree = "<group>";
		};
		920CCFF51A94DC7D004BD668 /* New Recording */ = {
			isa = PBXGroup;
			children = (
				920CCFF61A94DC9C004BD668 /* NewRecordingViewController.h */,
				920CCFF71A94DC9C004BD668 /* NewRecordingViewController.m */,
			);
			name = "New Recording";
			sourceTree = "<group>";
		};
		920CCFF91A94DDFB004BD668 /* Recordings */ = {
			isa = PBXGroup;
			children = (
				920CCFFA1A94DE0E004BD668 /* RecordingsViewController.h */,
				920CCFFB1A94DE0E004BD668 /* RecordingsViewController.m */,
			);
			name = Recordings;
			sourceTree = "<group>";
		};
		920CCFFD1A94DEC4004BD668 /* Extras */ = {
			isa = PBXGroup;
			children = (
				921ABCE51B824C7900C6A0F1 /* InAppSettingsKit */,
				921ABC601B824ABB00C6A0F1 /* AFNetworking */,
				921ABC7D1B824AC900C6A0F1 /* UIKit+AFNetworking */,
				921ABC981B824AFF00C6A0F1 /* FXBlurView */,
				920CD0471A94DFCC004BD668 /* NSDate+Comparing */,
				920CD00F1A94DF72004BD668 /* UIAlertView+RSTAdditions */,
			);
			name = Extras;
			sourceTree = "<group>";
		};
		920CD0011A94DEF3004BD668 /* Info */ = {
			isa = PBXGroup;
			children = (
				920CD0021A94DF08004BD668 /* CreditTableViewController.h */,
				920CD0031A94DF08004BD668 /* CreditTableViewController.m */,
				920CD0051A94DF3D004BD668 /* Software Update */,
				92657C571AC0AAA8009112E4 /* Beta Testers */,
				927ADA401B13B2C600B4887C /* Watch Support */,
				92657C521AC0A654009112E4 /* Legal */,
			);
			name = Info;
			sourceTree = "<group>";
		};
		920CD0051A94DF3D004BD668 /* Software Update */ = {
			isa = PBXGroup;
			children = (
				920CD0061A94DF48004BD668 /* SoftwareUpdate.h */,
				920CD0071A94DF48004BD668 /* SoftwareUpdate.m */,
				920CD0081A94DF48004BD668 /* SoftwareUpdateOperation.h */,
				920CD0091A94DF48004BD668 /* SoftwareUpdateOperation.m */,
				920CD00A1A94DF48004BD668 /* UpdateViewController.h */,
				920CD00B1A94DF48004BD668 /* UpdateViewController.m */,
			);
			name = "Software Update";
			sourceTree = "<group>";
		};
		920CD00F1A94DF72004BD668 /* UIAlertView+RSTAdditions */ = {
			isa = PBXGroup;
			children = (
				921277D51B8965200053F0AE /* UIAlertView+RSTAdditions.h */,
				921277D61B8965200053F0AE /* UIAlertView+RSTAdditions.m */,
			);
			name = "UIAlertView+RSTAdditions";
			sourceTree = "<group>";
		};
		920CD0471A94DFCC004BD668 /* NSDate+Comparing */ = {
			isa = PBXGroup;
			children = (
				921277D81B8965730053F0AE /* NSDate+Comparing.h */,
				921277D91B8965730053F0AE /* NSDate+Comparing.m */,
			);
			name = "NSDate+Comparing";
			sourceTree = "<group>";
		};
		920CD04E1A94E0C3004BD668 /* Interface */ = {
			isa = PBXGroup;
			children = (
				920CCFCA1A94DAD1004BD668 /* Main.storyboard */,
				9255475D1B7D8E2700F075B6 /* LaunchScreen.storyboard */,
			);
			name = Interface;
			sourceTree = "<group>";
		};
		921277501B89647F0053F0AE /* Resources */ = {
			isa = PBXGroup;
			children = (
				921277511B8964890053F0AE /* Base.lproj */,
				9212775A1B8964890053F0AE /* en.lproj */,
			);
			name = Resources;
			sourceTree = "<group>";
		};
		921277511B8964890053F0AE /* Base.lproj */ = {
			isa = PBXGroup;
			children = (
				921277521B8964890053F0AE /* IASKLocalizable.strings */,
			);
			name = Base.lproj;
			path = Extras/InAppSettingsKit/Resources/Base.lproj;
			sourceTree = SOURCE_ROOT;
		};
		9212775A1B8964890053F0AE /* en.lproj */ = {
			isa = PBXGroup;
			children = (
				9212775B1B8964890053F0AE /* IASKLocalizable.strings */,
			);
			name = en.lproj;
			path = Extras/InAppSettingsKit/Resources/en.lproj;
			sourceTree = SOURCE_ROOT;
		};
		921ABC601B824ABB00C6A0F1 /* AFNetworking */ = {
			isa = PBXGroup;
			children = (
				9212779C1B8964A90053F0AE /* AFHTTPRequestOperation.h */,
				9212779D1B8964A90053F0AE /* AFHTTPRequestOperation.m */,
				9212779E1B8964A90053F0AE /* AFHTTPRequestOperationManager.h */,
				9212779F1B8964A90053F0AE /* AFHTTPRequestOperationManager.m */,
				921277A01B8964A90053F0AE /* AFHTTPSessionManager.h */,
				921277A11B8964A90053F0AE /* AFHTTPSessionManager.m */,
				921277A21B8964A90053F0AE /* AFNetworking.h */,
				921277A31B8964A90053F0AE /* AFNetworkReachabilityManager.h */,
				921277A41B8964A90053F0AE /* AFNetworkReachabilityManager.m */,
				921277A51B8964A90053F0AE /* AFSecurityPolicy.h */,
				921277A61B8964A90053F0AE /* AFSecurityPolicy.m */,
				921277A71B8964A90053F0AE /* AFURLConnectionOperation.h */,
				921277A81B8964A90053F0AE /* AFURLConnectionOperation.m */,
				921277A91B8964A90053F0AE /* AFURLRequestSerialization.h */,
				921277AA1B8964A90053F0AE /* AFURLRequestSerialization.m */,
				921277AB1B8964A90053F0AE /* AFURLResponseSerialization.h */,
				921277AC1B8964A90053F0AE /* AFURLResponseSerialization.m */,
				921277AD1B8964A90053F0AE /* AFURLSessionManager.h */,
				921277AE1B8964A90053F0AE /* AFURLSessionManager.m */,
			);
			name = AFNetworking;
			sourceTree = "<group>";
		};
		921ABC7D1B824AC900C6A0F1 /* UIKit+AFNetworking */ = {
			isa = PBXGroup;
			children = (
				921277B81B8964B70053F0AE /* AFNetworkActivityIndicatorManager.h */,
				921277B91B8964B70053F0AE /* AFNetworkActivityIndicatorManager.m */,
				921277BA1B8964B70053F0AE /* UIActivityIndicatorView+AFNetworking.h */,
				921277BB1B8964B70053F0AE /* UIActivityIndicatorView+AFNetworking.m */,
				921277BC1B8964B70053F0AE /* UIAlertView+AFNetworking.h */,
				921277BD1B8964B70053F0AE /* UIAlertView+AFNetworking.m */,
				921277BE1B8964B70053F0AE /* UIButton+AFNetworking.h */,
				921277BF1B8964B70053F0AE /* UIButton+AFNetworking.m */,
				921277C01B8964B70053F0AE /* UIImage+AFNetworking.h */,
				921277C11B8964B70053F0AE /* UIImageView+AFNetworking.h */,
				921277C21B8964B70053F0AE /* UIImageView+AFNetworking.m */,
				921277C31B8964B70053F0AE /* UIKit+AFNetworking.h */,
				921277C41B8964B70053F0AE /* UIProgressView+AFNetworking.h */,
				921277C51B8964B70053F0AE /* UIProgressView+AFNetworking.m */,
				921277C61B8964B70053F0AE /* UIRefreshControl+AFNetworking.h */,
				921277C71B8964B70053F0AE /* UIRefreshControl+AFNetworking.m */,
				921277C81B8964B70053F0AE /* UIWebView+AFNetworking.h */,
				921277C91B8964B70053F0AE /* UIWebView+AFNetworking.m */,
			);
			name = "UIKit+AFNetworking";
			sourceTree = "<group>";
		};
		921ABC981B824AFF00C6A0F1 /* FXBlurView */ = {
			isa = PBXGroup;
			children = (
				921277D21B8964C20053F0AE /* FXBlurView.h */,
				921277D31B8964C20053F0AE /* FXBlurView.m */,
			);
			name = FXBlurView;
			sourceTree = "<group>";
		};
		921ABCE51B824C7900C6A0F1 /* InAppSettingsKit */ = {
			isa = PBXGroup;
			children = (
				921ABCE61B824C7F00C6A0F1 /* Controllers */,
				921ABCF41B824C8E00C6A0F1 /* Models */,
				921277501B89647F0053F0AE /* Resources */,
				921ABD041B824C9B00C6A0F1 /* Views */,
			);
			name = InAppSettingsKit;
			sourceTree = "<group>";
		};
		921ABCE61B824C7F00C6A0F1 /* Controllers */ = {
			isa = PBXGroup;
			children = (
				921277341B89646F0053F0AE /* IASKAppSettingsViewController.h */,
				921277351B89646F0053F0AE /* IASKAppSettingsViewController.m */,
				921277361B89646F0053F0AE /* IASKAppSettingsWebViewController.h */,
				921277371B89646F0053F0AE /* IASKAppSettingsWebViewController.m */,
				921277381B89646F0053F0AE /* IASKMultipleValueSelection.h */,
				921277391B89646F0053F0AE /* IASKMultipleValueSelection.m */,
				9212773A1B89646F0053F0AE /* IASKSpecifierValuesViewController.h */,
				9212773B1B89646F0053F0AE /* IASKSpecifierValuesViewController.m */,
				9212773C1B89646F0053F0AE /* IASKViewController.h */,
			);
			name = Controllers;
			sourceTree = "<group>";
		};
		921ABCF41B824C8E00C6A0F1 /* Models */ = {
			isa = PBXGroup;
			children = (
				921277411B8964790053F0AE /* IASKSettingsReader.h */,
				921277421B8964790053F0AE /* IASKSettingsReader.m */,
				921277431B8964790053F0AE /* IASKSettingsStore.h */,
				921277441B8964790053F0AE /* IASKSettingsStore.m */,
				921277451B8964790053F0AE /* IASKSettingsStoreFile.h */,
				921277461B8964790053F0AE /* IASKSettingsStoreFile.m */,
				921277471B8964790053F0AE /* IASKSettingsStoreUserDefaults.h */,
				921277481B8964790053F0AE /* IASKSettingsStoreUserDefaults.m */,
				921277491B8964790053F0AE /* IASKSpecifier.h */,
				9212774A1B8964790053F0AE /* IASKSpecifier.m */,
			);
			name = Models;
			sourceTree = "<group>";
		};
		921ABD041B824C9B00C6A0F1 /* Views */ = {
			isa = PBXGroup;
			children = (
				9212778D1B8964980053F0AE /* IASKPSSliderSpecifierViewCell.h */,
				9212778E1B8964980053F0AE /* IASKPSSliderSpecifierViewCell.m */,
				9212778F1B8964980053F0AE /* IASKPSTextFieldSpecifierViewCell.h */,
				921277901B8964980053F0AE /* IASKPSTextFieldSpecifierViewCell.m */,
				921277911B8964980053F0AE /* IASKSlider.h */,
				921277921B8964980053F0AE /* IASKSlider.m */,
				921277931B8964980053F0AE /* IASKSwitch.h */,
				921277941B8964980053F0AE /* IASKSwitch.m */,
				921277951B8964980053F0AE /* IASKTextField.h */,
				921277961B8964980053F0AE /* IASKTextField.m */,
			);
			name = Views;
			sourceTree = "<group>";
		};
		9240D8061A9FF76B00C22D76 /* Welcome Screen */ = {
			isa = PBXGroup;
			children = (
				9259B5881A9FEC0A0072AD4F /* WelcomeViewController.h */,
				9259B5891A9FEC0A0072AD4F /* WelcomeViewController.m */,
				9270221D1AF9964100A78EE9 /* TermsConditionsViewController.h */,
				9270221E1AF9964100A78EE9 /* TermsConditionsViewController.m */,
			);
			name = "Welcome Screen";
			sourceTree = "<group>";
		};
		92657C521AC0A654009112E4 /* Legal */ = {
			isa = PBXGroup;
			children = (
				92657C541AC0A67E009112E4 /* LegalViewController.h */,
				92657C551AC0A67E009112E4 /* LegalViewController.m */,
			);
			name = Legal;
			sourceTree = "<group>";
		};
		92657C571AC0AAA8009112E4 /* Beta Testers */ = {
			isa = PBXGroup;
			children = (
				920CD04B1A94E05D004BD668 /* BetaTestersViewController.h */,
				920CD04C1A94E05D004BD668 /* BetaTestersViewController.m */,
			);
			name = "Beta Testers";
			sourceTree = "<group>";
		};
		927ADA401B13B2C600B4887C /* Watch Support */ = {
			isa = PBXGroup;
			children = (
				927ADA411B13B2E400B4887C /* WatchSupportViewController.h */,
				927ADA421B13B2E400B4887C /* WatchSupportViewController.m */,
			);
			name = "Watch Support";
			sourceTree = "<group>";
		};
		92964A5F1BA8F0E100DB8849 /* Settings */ = {
			isa = PBXGroup;
			children = (
				92964A601BA8F0EF00DB8849 /* SettingsViewController.h */,
				92964A611BA8F0EF00DB8849 /* SettingsViewController.m */,
			);
			name = Settings;
			sourceTree = "<group>";
		};
		92E556F81B3F1C7E0013CC7D /* iRec WatchKit Extension */ = {
			isa = PBXGroup;
			children = (
				92E557201B3F1E9D0013CC7D /* InterfaceController.h */,
				92E557211B3F1E9D0013CC7D /* InterfaceController.m */,
				92E557231B3F1EA60013CC7D /* AboutInterfaceController.h */,
				92E557241B3F1EA60013CC7D /* AboutInterfaceController.m */,
				92E557261B3F1EAE0013CC7D /* NotificationController.h */,
				92E557271B3F1EAE0013CC7D /* NotificationController.m */,
				92E5571C1B3F1E690013CC7D /* iRec WatchKit Extension.entitlements */,
				92E557011B3F1C7E0013CC7D /* Assets.xcassets */,
				92E557031B3F1C7E0013CC7D /* Info.plist */,
				92E556F91B3F1C7E0013CC7D /* Supporting Files */,
			);
			path = "iRec WatchKit Extension";
			sourceTree = "<group>";
		};
		92E556F91B3F1C7E0013CC7D /* Supporting Files */ = {
			isa = PBXGroup;
			children = (
				92E556FA1B3F1C7E0013CC7D /* PushNotificationPayload.apns */,
			);
			name = "Supporting Files";
			sourceTree = "<group>";
		};
		92E5570A1B3F1C7E0013CC7D /* iRec WatchKit App */ = {
			isa = PBXGroup;
			children = (
				92E557291B3F1EE90013CC7D /* Interface.storyboard */,
				92E5570E1B3F1C7E0013CC7D /* Assets.xcassets */,
				92E557101B3F1C7E0013CC7D /* Info.plist */,
			);
			path = "iRec WatchKit App";
			sourceTree = "<group>";
		};
/* End PBXGroup section */

/* Begin PBXNativeTarget section */
		920CCFB91A94DAD1004BD668 /* iRec */ = {
			isa = PBXNativeTarget;
			buildConfigurationList = 920CCFDE1A94DAD1004BD668 /* Build configuration list for PBXNativeTarget "iRec" */;
			buildPhases = (
				920CCFB61A94DAD1004BD668 /* Sources */,
				920CCFB71A94DAD1004BD668 /* Frameworks */,
				920CCFB81A94DAD1004BD668 /* Resources */,
				920CD0501A94E771004BD668 /* ShellScript */,
				92D945F01B2CC7DB00FF16EE /* Embed Watch Content */,
				9241CDA11BA114AC003544A4 /* Embed Watch Content */,
			);
			buildRules = (
			);
			dependencies = (
				9241CD9E1BA114AC003544A4 /* PBXTargetDependency */,
			);
			name = iRec;
			productName = iRec;
			productReference = 920CCFBA1A94DAD1004BD668 /* iRec.app */;
			productType = "com.apple.product-type.application";
		};
		92E556F61B3F1C7E0013CC7D /* iRec WatchKit Extension */ = {
			isa = PBXNativeTarget;
			buildConfigurationList = 92E557171B3F1C7E0013CC7D /* Build configuration list for PBXNativeTarget "iRec WatchKit Extension" */;
			buildPhases = (
				92E556F31B3F1C7E0013CC7D /* Sources */,
				92E556F41B3F1C7E0013CC7D /* Frameworks */,
				92E556F51B3F1C7E0013CC7D /* Resources */,
			);
			buildRules = (
			);
			dependencies = (
			);
			name = "iRec WatchKit Extension";
			productName = "iRec WatchKit 1 Extension";
			productReference = 92E556F71B3F1C7E0013CC7D /* iRec WatchKit Extension.appex */;
			productType = "com.apple.product-type.watchkit2-extension";
		};
		92E557051B3F1C7E0013CC7D /* iRec WatchKit App */ = {
			isa = PBXNativeTarget;
			buildConfigurationList = 92E557141B3F1C7E0013CC7D /* Build configuration list for PBXNativeTarget "iRec WatchKit App" */;
			buildPhases = (
				92E557041B3F1C7E0013CC7D /* Resources */,
				9241CDA01BA114AC003544A4 /* Embed App Extensions */,
			);
			buildRules = (
			);
			dependencies = (
				9241CD9B1BA114AC003544A4 /* PBXTargetDependency */,
			);
			name = "iRec WatchKit App";
			productName = "iRec WatchKit 1 App";
			productReference = 92E557061B3F1C7E0013CC7D /* iRec WatchKit App.app */;
			productType = "com.apple.product-type.application.watchapp2";
		};
/* End PBXNativeTarget section */

/* Begin PBXProject section */
		920CCFB01A94DAC2004BD668 /* Project object */ = {
			isa = PBXProject;
			attributes = {
				LastUpgradeCheck = 0710;
				ORGANIZATIONNAME = "ADA Tech, LLC";
				TargetAttributes = {
					920CCFB91A94DAD1004BD668 = {
						CreatedOnToolsVersion = 6.2;
						DevelopmentTeam = 9QKLXG4845;
						SystemCapabilities = {
							com.apple.ApplicationGroups.iOS = {
								enabled = 1;
							};
							com.apple.BackgroundModes = {
								enabled = 1;
							};
							com.apple.InAppPurchase = {
								enabled = 0;
							};
							com.apple.Keychain = {
								enabled = 1;
							};
							com.apple.Push = {
								enabled = 1;
							};
						};
					};
					92E556F61B3F1C7E0013CC7D = {
						CreatedOnToolsVersion = 7.0;
						DevelopmentTeam = 9QKLXG4845;
						SystemCapabilities = {
							com.apple.ApplicationGroups.iOS = {
								enabled = 1;
							};
							com.apple.Keychain = {
								enabled = 1;
							};
						};
					};
					92E557051B3F1C7E0013CC7D = {
						CreatedOnToolsVersion = 7.0;
						DevelopmentTeam = 9QKLXG4845;
						SystemCapabilities = {
							com.apple.ApplicationGroups.iOS = {
								enabled = 0;
							};
						};
					};
				};
			};
			buildConfigurationList = 920CCFB31A94DAC2004BD668 /* Build configuration list for PBXProject "iRec" */;
			compatibilityVersion = "Xcode 3.2";
			developmentRegion = English;
			hasScannedForEncodings = 0;
			knownRegions = (
				en,
				Base,
			);
			mainGroup = 920CCFAF1A94DAC2004BD668;
			productRefGroup = 920CCFBB1A94DAD1004BD668 /* Products */;
			projectDirPath = "";
			projectRoot = "";
			targets = (
				920CCFB91A94DAD1004BD668 /* iRec */,
				92E556F61B3F1C7E0013CC7D /* iRec WatchKit Extension */,
				92E557051B3F1C7E0013CC7D /* iRec WatchKit App */,
			);
		};
/* End PBXProject section */

/* Begin PBXResourcesBuildPhase section */
		920CCFB81A94DAD1004BD668 /* Resources */ = {
			isa = PBXResourcesBuildPhase;
			buildActionMask = 2147483647;
			files = (
				920CCFCC1A94DAD1004BD668 /* Main.storyboard in Resources */,
				92B0293F1B8CBDD100A4F46A /* LaunchScreen.storyboard in Resources */,
				92F122DB1B141286001E1061 /* Settings-Watch.bundle in Resources */,
				92964A5A1BA8EFA100DB8849 /* InAppSettings.bundle in Resources */,
				920CCFCE1A94DAD1004BD668 /* Images.xcassets in Resources */,
				92D069671B9B929A00169D8B /* LegalText.txt in Resources */,
			);
			runOnlyForDeploymentPostprocessing = 0;
		};
		92E556F51B3F1C7E0013CC7D /* Resources */ = {
			isa = PBXResourcesBuildPhase;
			buildActionMask = 2147483647;
			files = (
				92E557021B3F1C7E0013CC7D /* Assets.xcassets in Resources */,
				92E5571D1B3F1E690013CC7D /* iRec WatchKit Extension.entitlements in Resources */,
			);
			runOnlyForDeploymentPostprocessing = 0;
		};
		92E557041B3F1C7E0013CC7D /* Resources */ = {
			isa = PBXResourcesBuildPhase;
			buildActionMask = 2147483647;
			files = (
				92E5570F1B3F1C7E0013CC7D /* Assets.xcassets in Resources */,
				92E5572A1B3F1EE90013CC7D /* Interface.storyboard in Resources */,
			);
			runOnlyForDeploymentPostprocessing = 0;
		};
/* End PBXResourcesBuildPhase section */

/* Begin PBXShellScriptBuildPhase section */
		920CD0501A94E771004BD668 /* ShellScript */ = {
			isa = PBXShellScriptBuildPhase;
			buildActionMask = 2147483647;
			files = (
			);
			inputPaths = (
			);
			outputPaths = (
			);
			runOnlyForDeploymentPostprocessing = 0;
			shellPath = /bin/sh;
			shellScript = "./Frameworks/Fabric.framework/run a81e246bd18c9094c888ecad3c0e5b6c9eb9f70d c725884174c9ee9cb544f5cac73a71c3ae669f4214acd7a1852aff4d130e8f97";
		};
/* End PBXShellScriptBuildPhase section */

/* Begin PBXSourcesBuildPhase section */
		920CCFB61A94DAD1004BD668 /* Sources */ = {
			isa = PBXSourcesBuildPhase;
			buildActionMask = 2147483647;
			files = (
				921277CF1B8964B70053F0AE /* UIProgressView+AFNetworking.m in Sources */,
				92B97F501B8D8B090061C95C /* ScreenRecorder.m in Sources */,
				921277B31B8964A90053F0AE /* AFSecurityPolicy.m in Sources */,
				921277D41B8964C20053F0AE /* FXBlurView.m in Sources */,
				921277D01B8964B70053F0AE /* UIRefreshControl+AFNetworking.m in Sources */,
				921277991B8964980053F0AE /* IASKSlider.m in Sources */,
				9212773F1B89646F0053F0AE /* IASKMultipleValueSelection.m in Sources */,
				921277CC1B8964B70053F0AE /* UIAlertView+AFNetworking.m in Sources */,
				921277CE1B8964B70053F0AE /* UIImageView+AFNetworking.m in Sources */,
				920CD0041A94DF08004BD668 /* CreditTableViewController.m in Sources */,
				9212774D1B8964790053F0AE /* IASKSettingsStoreFile.m in Sources */,
				920CCFFC1A94DE0E004BD668 /* RecordingsViewController.m in Sources */,
				920CCFC31A94DAD1004BD668 /* AppDelegate.m in Sources */,
				927ADA431B13B2E400B4887C /* WatchSupportViewController.m in Sources */,
				921277CD1B8964B70053F0AE /* UIButton+AFNetworking.m in Sources */,
				9212774C1B8964790053F0AE /* IASKSettingsStore.m in Sources */,
				9212774B1B8964790053F0AE /* IASKSettingsReader.m in Sources */,
				920CD00E1A94DF48004BD668 /* UpdateViewController.m in Sources */,
				9212779A1B8964980053F0AE /* IASKSwitch.m in Sources */,
				9212774E1B8964790053F0AE /* IASKSettingsStoreUserDefaults.m in Sources */,
				920CCFF81A94DC9C004BD668 /* NewRecordingViewController.m in Sources */,
				9259B58A1A9FEC0A0072AD4F /* WelcomeViewController.m in Sources */,
				921277DA1B8965730053F0AE /* NSDate+Comparing.m in Sources */,
				921277401B89646F0053F0AE /* IASKSpecifierValuesViewController.m in Sources */,
				920CCFC01A94DAD1004BD668 /* main.m in Sources */,
				921277971B8964980053F0AE /* IASKPSSliderSpecifierViewCell.m in Sources */,
				920CD00C1A94DF48004BD668 /* SoftwareUpdate.m in Sources */,
				92657C561AC0A67E009112E4 /* LegalViewController.m in Sources */,
				9212773E1B89646F0053F0AE /* IASKAppSettingsWebViewController.m in Sources */,
				921277B51B8964A90053F0AE /* AFURLRequestSerialization.m in Sources */,
				921277CA1B8964B70053F0AE /* AFNetworkActivityIndicatorManager.m in Sources */,
				920CD04D1A94E05D004BD668 /* BetaTestersViewController.m in Sources */,
				9270221F1AF9964100A78EE9 /* TermsConditionsViewController.m in Sources */,
				921277B01B8964A90053F0AE /* AFHTTPRequestOperationManager.m in Sources */,
				92964A621BA8F0EF00DB8849 /* SettingsViewController.m in Sources */,
				9212779B1B8964980053F0AE /* IASKTextField.m in Sources */,
				921277D71B8965200053F0AE /* UIAlertView+RSTAdditions.m in Sources */,
				921277B41B8964A90053F0AE /* AFURLConnectionOperation.m in Sources */,
				921277D11B8964B70053F0AE /* UIWebView+AFNetworking.m in Sources */,
				921277CB1B8964B70053F0AE /* UIActivityIndicatorView+AFNetworking.m in Sources */,
				921277B71B8964A90053F0AE /* AFURLSessionManager.m in Sources */,
				921277AF1B8964A90053F0AE /* AFHTTPRequestOperation.m in Sources */,
				9212774F1B8964790053F0AE /* IASKSpecifier.m in Sources */,
				921277981B8964980053F0AE /* IASKPSTextFieldSpecifierViewCell.m in Sources */,
				921277B11B8964A90053F0AE /* AFHTTPSessionManager.m in Sources */,
				920CD00D1A94DF48004BD668 /* SoftwareUpdateOperation.m in Sources */,
				921277B21B8964A90053F0AE /* AFNetworkReachabilityManager.m in Sources */,
				921277B61B8964A90053F0AE /* AFURLResponseSerialization.m in Sources */,
				9212773D1B89646F0053F0AE /* IASKAppSettingsViewController.m in Sources */,
			);
			runOnlyForDeploymentPostprocessing = 0;
		};
		92E556F31B3F1C7E0013CC7D /* Sources */ = {
			isa = PBXSourcesBuildPhase;
			buildActionMask = 2147483647;
			files = (
				92E557221B3F1E9D0013CC7D /* InterfaceController.m in Sources */,
				92E557251B3F1EA60013CC7D /* AboutInterfaceController.m in Sources */,
				92E557281B3F1EAE0013CC7D /* NotificationController.m in Sources */,
			);
			runOnlyForDeploymentPostprocessing = 0;
		};
/* End PBXSourcesBuildPhase section */

/* Begin PBXTargetDependency section */
		9241CD9B1BA114AC003544A4 /* PBXTargetDependency */ = {
			isa = PBXTargetDependency;
			target = 92E556F61B3F1C7E0013CC7D /* iRec WatchKit Extension */;
			targetProxy = 9241CD9A1BA114AC003544A4 /* PBXContainerItemProxy */;
		};
		9241CD9E1BA114AC003544A4 /* PBXTargetDependency */ = {
			isa = PBXTargetDependency;
			target = 92E557051B3F1C7E0013CC7D /* iRec WatchKit App */;
			targetProxy = 9241CD9D1BA114AC003544A4 /* PBXContainerItemProxy */;
		};
/* End PBXTargetDependency section */

/* Begin PBXVariantGroup section */
		920CCFCA1A94DAD1004BD668 /* Main.storyboard */ = {
			isa = PBXVariantGroup;
			children = (
				920CCFCB1A94DAD1004BD668 /* Base */,
			);
			name = Main.storyboard;
			sourceTree = "<group>";
		};
		921277521B8964890053F0AE /* IASKLocalizable.strings */ = {
			isa = PBXVariantGroup;
			children = (
				921277531B8964890053F0AE /* Base */,
			);
			name = IASKLocalizable.strings;
			sourceTree = "<group>";
		};
		9212775B1B8964890053F0AE /* IASKLocalizable.strings */ = {
			isa = PBXVariantGroup;
			children = (
				9212775C1B8964890053F0AE /* en */,
			);
			name = IASKLocalizable.strings;
			sourceTree = "<group>";
		};
		9255475D1B7D8E2700F075B6 /* LaunchScreen.storyboard */ = {
			isa = PBXVariantGroup;
			children = (
				9255475C1B7D8E2700F075B6 /* Base */,
			);
			name = LaunchScreen.storyboard;
			sourceTree = "<group>";
		};
/* End PBXVariantGroup section */

/* Begin XCBuildConfiguration section */
		920CCFB41A94DAC2004BD668 /* Debug */ = {
			isa = XCBuildConfiguration;
			buildSettings = {
				ENABLE_TESTABILITY = YES;
				IPHONEOS_DEPLOYMENT_TARGET = 7.0;
				ONLY_ACTIVE_ARCH = YES;
			};
			name = Debug;
		};
		920CCFB51A94DAC2004BD668 /* Release */ = {
			isa = XCBuildConfiguration;
			buildSettings = {
				IPHONEOS_DEPLOYMENT_TARGET = 7.0;
			};
			name = Release;
		};
		920CCFDF1A94DAD1004BD668 /* Debug */ = {
			isa = XCBuildConfiguration;
			buildSettings = {
				ALWAYS_SEARCH_USER_PATHS = NO;
				ASSETCATALOG_COMPILER_APPICON_NAME = AppIcon;
				ASSETCATALOG_COMPILER_LAUNCHIMAGE_NAME = LaunchImage;
				CLANG_CXX_LANGUAGE_STANDARD = "gnu++0x";
				CLANG_CXX_LIBRARY = "libc++";
				CLANG_ENABLE_MODULES = YES;
				CLANG_ENABLE_OBJC_ARC = YES;
				CLANG_WARN_BOOL_CONVERSION = YES;
				CLANG_WARN_CONSTANT_CONVERSION = YES;
				CLANG_WARN_DIRECT_OBJC_ISA_USAGE = YES_ERROR;
				CLANG_WARN_EMPTY_BODY = YES;
				CLANG_WARN_ENUM_CONVERSION = YES;
				CLANG_WARN_INT_CONVERSION = YES;
				CLANG_WARN_OBJC_ROOT_CLASS = YES_ERROR;
				CLANG_WARN_UNREACHABLE_CODE = YES;
				CLANG_WARN__DUPLICATE_METHOD_MATCH = YES;
				CODE_SIGN_ENTITLEMENTS = iRec/iRec.entitlements;
				CODE_SIGN_IDENTITY = "iPhone Developer: Anthony Agatiello (J9M2GPP36A)";
				COPY_PHASE_STRIP = NO;
				ENABLE_BITCODE = NO;
				ENABLE_STRICT_OBJC_MSGSEND = YES;
				FRAMEWORK_SEARCH_PATHS = "$(PROJECT_DIR)/Frameworks";
				GCC_C_LANGUAGE_STANDARD = gnu99;
				GCC_DYNAMIC_NO_PIC = NO;
				GCC_OPTIMIZATION_LEVEL = 0;
				GCC_PREFIX_HEADER = iRec/Prefix.pch;
				GCC_PREPROCESSOR_DEFINITIONS = (
					"DEBUG=1",
					"$(inherited)",
				);
				GCC_SYMBOLS_PRIVATE_EXTERN = NO;
				GCC_WARN_64_TO_32_BIT_CONVERSION = YES;
				GCC_WARN_ABOUT_RETURN_TYPE = YES_ERROR;
				GCC_WARN_UNDECLARED_SELECTOR = YES;
				GCC_WARN_UNINITIALIZED_AUTOS = YES_AGGRESSIVE;
				GCC_WARN_UNUSED_FUNCTION = YES;
				GCC_WARN_UNUSED_VARIABLE = YES;
				INFOPLIST_FILE = iRec/Info.plist;
				IPHONEOS_DEPLOYMENT_TARGET = 7.0;
				LD_RUNPATH_SEARCH_PATHS = "$(inherited) @executable_path/Frameworks";
				MTL_ENABLE_DEBUG_INFO = YES;
				OTHER_LDFLAGS = "-lsqlite3";
				PRODUCT_BUNDLE_IDENTIFIER = com.adhoc.iRec;
				PRODUCT_NAME = "$(TARGET_NAME)";
				PROVISIONING_PROFILE = "84789be0-c79c-49f7-913f-93798fda3f04";
				SDKROOT = iphoneos;
				TARGETED_DEVICE_FAMILY = "1,2";
				WARNING_CFLAGS = "";
			};
			name = Debug;
		};
		920CCFE01A94DAD1004BD668 /* Release */ = {
			isa = XCBuildConfiguration;
			buildSettings = {
				ALWAYS_SEARCH_USER_PATHS = NO;
				ASSETCATALOG_COMPILER_APPICON_NAME = AppIcon;
				ASSETCATALOG_COMPILER_LAUNCHIMAGE_NAME = LaunchImage;
				CLANG_CXX_LANGUAGE_STANDARD = "gnu++0x";
				CLANG_CXX_LIBRARY = "libc++";
				CLANG_ENABLE_MODULES = YES;
				CLANG_ENABLE_OBJC_ARC = YES;
				CLANG_WARN_BOOL_CONVERSION = YES;
				CLANG_WARN_CONSTANT_CONVERSION = YES;
				CLANG_WARN_DIRECT_OBJC_ISA_USAGE = YES_ERROR;
				CLANG_WARN_EMPTY_BODY = YES;
				CLANG_WARN_ENUM_CONVERSION = YES;
				CLANG_WARN_INT_CONVERSION = YES;
				CLANG_WARN_OBJC_ROOT_CLASS = YES_ERROR;
				CLANG_WARN_UNREACHABLE_CODE = YES;
				CLANG_WARN__DUPLICATE_METHOD_MATCH = YES;
				CODE_SIGN_ENTITLEMENTS = iRec/iRec.entitlements;
				CODE_SIGN_IDENTITY = "iPhone Distribution: ADA Tech, LLC";
				COPY_PHASE_STRIP = NO;
				ENABLE_BITCODE = NO;
				ENABLE_NS_ASSERTIONS = NO;
				ENABLE_STRICT_OBJC_MSGSEND = YES;
				FRAMEWORK_SEARCH_PATHS = "$(PROJECT_DIR)/Frameworks";
				GCC_C_LANGUAGE_STANDARD = gnu99;
				GCC_PREFIX_HEADER = iRec/Prefix.pch;
				GCC_WARN_64_TO_32_BIT_CONVERSION = YES;
				GCC_WARN_ABOUT_RETURN_TYPE = YES_ERROR;
				GCC_WARN_UNDECLARED_SELECTOR = YES;
				GCC_WARN_UNINITIALIZED_AUTOS = YES_AGGRESSIVE;
				GCC_WARN_UNUSED_FUNCTION = YES;
				GCC_WARN_UNUSED_VARIABLE = YES;
				INFOPLIST_FILE = iRec/Info.plist;
				IPHONEOS_DEPLOYMENT_TARGET = 7.0;
				LD_RUNPATH_SEARCH_PATHS = "$(inherited) @executable_path/Frameworks";
				MTL_ENABLE_DEBUG_INFO = NO;
				OTHER_LDFLAGS = "-lsqlite3";
				PRODUCT_BUNDLE_IDENTIFIER = com.adhoc.iRec;
				PRODUCT_NAME = "$(TARGET_NAME)";
				PROVISIONING_PROFILE = "097609b0-74c5-4ba8-9789-f45a9cd5cae5";
				SDKROOT = iphoneos;
				TARGETED_DEVICE_FAMILY = "1,2";
				WARNING_CFLAGS = "";
			};
			name = Release;
		};
		92E557151B3F1C7E0013CC7D /* Debug */ = {
			isa = XCBuildConfiguration;
			buildSettings = {
				ALWAYS_SEARCH_USER_PATHS = NO;
				ASSETCATALOG_COMPILER_APPICON_NAME = AppIcon;
				CLANG_CXX_LANGUAGE_STANDARD = "gnu++0x";
				CLANG_CXX_LIBRARY = "libc++";
				CLANG_ENABLE_MODULES = YES;
				CLANG_ENABLE_OBJC_ARC = YES;
				CLANG_WARN_BOOL_CONVERSION = YES;
				CLANG_WARN_CONSTANT_CONVERSION = YES;
				CLANG_WARN_DIRECT_OBJC_ISA_USAGE = YES_ERROR;
				CLANG_WARN_EMPTY_BODY = YES;
				CLANG_WARN_ENUM_CONVERSION = YES;
				CLANG_WARN_INT_CONVERSION = YES;
				CLANG_WARN_OBJC_ROOT_CLASS = YES_ERROR;
				CLANG_WARN_UNREACHABLE_CODE = YES;
				CLANG_WARN__DUPLICATE_METHOD_MATCH = YES;
				CODE_SIGN_IDENTITY = "iPhone Developer: Anthony Agatiello (J9M2GPP36A)";
				COPY_PHASE_STRIP = NO;
				DEBUG_INFORMATION_FORMAT = dwarf;
				ENABLE_STRICT_OBJC_MSGSEND = YES;
				GCC_C_LANGUAGE_STANDARD = gnu99;
				GCC_DYNAMIC_NO_PIC = NO;
				GCC_NO_COMMON_BLOCKS = YES;
				GCC_OPTIMIZATION_LEVEL = 0;
				GCC_PREPROCESSOR_DEFINITIONS = (
					"DEBUG=1",
					"$(inherited)",
				);
				GCC_WARN_64_TO_32_BIT_CONVERSION = YES;
				GCC_WARN_ABOUT_RETURN_TYPE = YES_ERROR;
				GCC_WARN_UNDECLARED_SELECTOR = YES;
				GCC_WARN_UNINITIALIZED_AUTOS = YES_AGGRESSIVE;
				GCC_WARN_UNUSED_FUNCTION = YES;
				GCC_WARN_UNUSED_VARIABLE = YES;
				IBSC_MODULE = iRec_WatchKit_1_Extension;
				INFOPLIST_FILE = "iRec WatchKit App/Info.plist";
				MTL_ENABLE_DEBUG_INFO = YES;
				PRODUCT_BUNDLE_IDENTIFIER = com.adhoc.iRec.watchkitapp;
				PRODUCT_NAME = "$(TARGET_NAME)";
				PROVISIONING_PROFILE = "87bf9c95-e775-4fac-8a5c-5282ac8e2d64";
				SDKROOT = watchos;
				SKIP_INSTALL = YES;
				TARGETED_DEVICE_FAMILY = 4;
				WATCHOS_DEPLOYMENT_TARGET = 2.0;
			};
			name = Debug;
		};
		92E557161B3F1C7E0013CC7D /* Release */ = {
			isa = XCBuildConfiguration;
			buildSettings = {
				ALWAYS_SEARCH_USER_PATHS = NO;
				ASSETCATALOG_COMPILER_APPICON_NAME = AppIcon;
				CLANG_CXX_LANGUAGE_STANDARD = "gnu++0x";
				CLANG_CXX_LIBRARY = "libc++";
				CLANG_ENABLE_MODULES = YES;
				CLANG_ENABLE_OBJC_ARC = YES;
				CLANG_WARN_BOOL_CONVERSION = YES;
				CLANG_WARN_CONSTANT_CONVERSION = YES;
				CLANG_WARN_DIRECT_OBJC_ISA_USAGE = YES_ERROR;
				CLANG_WARN_EMPTY_BODY = YES;
				CLANG_WARN_ENUM_CONVERSION = YES;
				CLANG_WARN_INT_CONVERSION = YES;
				CLANG_WARN_OBJC_ROOT_CLASS = YES_ERROR;
				CLANG_WARN_UNREACHABLE_CODE = YES;
				CLANG_WARN__DUPLICATE_METHOD_MATCH = YES;
				CODE_SIGN_IDENTITY = "iPhone Distribution: ADA Tech, LLC";
				COPY_PHASE_STRIP = NO;
				DEBUG_INFORMATION_FORMAT = "dwarf-with-dsym";
				ENABLE_NS_ASSERTIONS = NO;
				ENABLE_STRICT_OBJC_MSGSEND = YES;
				GCC_C_LANGUAGE_STANDARD = gnu99;
				GCC_NO_COMMON_BLOCKS = YES;
				GCC_WARN_64_TO_32_BIT_CONVERSION = YES;
				GCC_WARN_ABOUT_RETURN_TYPE = YES_ERROR;
				GCC_WARN_UNDECLARED_SELECTOR = YES;
				GCC_WARN_UNINITIALIZED_AUTOS = YES_AGGRESSIVE;
				GCC_WARN_UNUSED_FUNCTION = YES;
				GCC_WARN_UNUSED_VARIABLE = YES;
				IBSC_MODULE = iRec_WatchKit_1_Extension;
				INFOPLIST_FILE = "iRec WatchKit App/Info.plist";
				MTL_ENABLE_DEBUG_INFO = NO;
				PRODUCT_BUNDLE_IDENTIFIER = com.adhoc.iRec.watchkitapp;
				PRODUCT_NAME = "$(TARGET_NAME)";
				PROVISIONING_PROFILE = "0834f224-07ee-4b26-a133-0dfcbf5bc65b";
				SDKROOT = watchos;
				SKIP_INSTALL = YES;
				TARGETED_DEVICE_FAMILY = 4;
				VALIDATE_PRODUCT = YES;
				WATCHOS_DEPLOYMENT_TARGET = 2.0;
			};
			name = Release;
		};
		92E557181B3F1C7E0013CC7D /* Debug */ = {
			isa = XCBuildConfiguration;
			buildSettings = {
				ALWAYS_SEARCH_USER_PATHS = NO;
				CLANG_CXX_LANGUAGE_STANDARD = "gnu++0x";
				CLANG_CXX_LIBRARY = "libc++";
				CLANG_ENABLE_MODULES = YES;
				CLANG_ENABLE_OBJC_ARC = YES;
				CLANG_WARN_BOOL_CONVERSION = YES;
				CLANG_WARN_CONSTANT_CONVERSION = YES;
				CLANG_WARN_DIRECT_OBJC_ISA_USAGE = YES_ERROR;
				CLANG_WARN_EMPTY_BODY = YES;
				CLANG_WARN_ENUM_CONVERSION = YES;
				CLANG_WARN_INT_CONVERSION = YES;
				CLANG_WARN_OBJC_ROOT_CLASS = YES_ERROR;
				CLANG_WARN_UNREACHABLE_CODE = YES;
				CLANG_WARN__DUPLICATE_METHOD_MATCH = YES;
				CODE_SIGN_ENTITLEMENTS = "iRec WatchKit Extension/iRec WatchKit Extension.entitlements";
				CODE_SIGN_IDENTITY = "iPhone Developer: Anthony Agatiello (J9M2GPP36A)";
				"CODE_SIGN_IDENTITY[sdk=watchos*]" = "iPhone Developer: Anthony Agatiello (J9M2GPP36A)";
				COPY_PHASE_STRIP = NO;
				DEBUG_INFORMATION_FORMAT = dwarf;
				ENABLE_STRICT_OBJC_MSGSEND = YES;
				GCC_C_LANGUAGE_STANDARD = gnu99;
				GCC_DYNAMIC_NO_PIC = NO;
				GCC_NO_COMMON_BLOCKS = YES;
				GCC_OPTIMIZATION_LEVEL = 0;
				GCC_PREFIX_HEADER = iRec/Prefix.pch;
				GCC_PREPROCESSOR_DEFINITIONS = (
					"DEBUG=1",
					"$(inherited)",
				);
				GCC_WARN_64_TO_32_BIT_CONVERSION = YES;
				GCC_WARN_ABOUT_RETURN_TYPE = YES_ERROR;
				GCC_WARN_UNDECLARED_SELECTOR = YES;
				GCC_WARN_UNINITIALIZED_AUTOS = YES_AGGRESSIVE;
				GCC_WARN_UNUSED_FUNCTION = YES;
				GCC_WARN_UNUSED_VARIABLE = YES;
				INFOPLIST_FILE = "iRec WatchKit Extension/Info.plist";
				IPHONEOS_DEPLOYMENT_TARGET = 8.2;
				MTL_ENABLE_DEBUG_INFO = YES;
				PRODUCT_BUNDLE_IDENTIFIER = com.adhoc.iRec.watchkitapp.watchkitextension;
				PRODUCT_NAME = "${TARGET_NAME}";
				PROVISIONING_PROFILE = "242fff3e-6b41-458e-949a-0fdc4162555f";
				SDKROOT = watchos;
				SKIP_INSTALL = YES;
				TARGETED_DEVICE_FAMILY = 4;
				WATCHOS_DEPLOYMENT_TARGET = 2.0;
			};
			name = Debug;
		};
		92E557191B3F1C7E0013CC7D /* Release */ = {
			isa = XCBuildConfiguration;
			buildSettings = {
				ALWAYS_SEARCH_USER_PATHS = NO;
				CLANG_CXX_LANGUAGE_STANDARD = "gnu++0x";
				CLANG_CXX_LIBRARY = "libc++";
				CLANG_ENABLE_MODULES = YES;
				CLANG_ENABLE_OBJC_ARC = YES;
				CLANG_WARN_BOOL_CONVERSION = YES;
				CLANG_WARN_CONSTANT_CONVERSION = YES;
				CLANG_WARN_DIRECT_OBJC_ISA_USAGE = YES_ERROR;
				CLANG_WARN_EMPTY_BODY = YES;
				CLANG_WARN_ENUM_CONVERSION = YES;
				CLANG_WARN_INT_CONVERSION = YES;
				CLANG_WARN_OBJC_ROOT_CLASS = YES_ERROR;
				CLANG_WARN_UNREACHABLE_CODE = YES;
				CLANG_WARN__DUPLICATE_METHOD_MATCH = YES;
				CODE_SIGN_ENTITLEMENTS = "iRec WatchKit Extension/iRec WatchKit Extension.entitlements";
				CODE_SIGN_IDENTITY = "iPhone Distribution: ADA Tech, LLC";
				"CODE_SIGN_IDENTITY[sdk=watchos*]" = "iPhone Distribution: ADA Tech, LLC";
				COPY_PHASE_STRIP = NO;
				DEBUG_INFORMATION_FORMAT = "dwarf-with-dsym";
				ENABLE_NS_ASSERTIONS = NO;
				ENABLE_STRICT_OBJC_MSGSEND = YES;
				GCC_C_LANGUAGE_STANDARD = gnu99;
				GCC_NO_COMMON_BLOCKS = YES;
				GCC_PREFIX_HEADER = iRec/Prefix.pch;
				GCC_WARN_64_TO_32_BIT_CONVERSION = YES;
				GCC_WARN_ABOUT_RETURN_TYPE = YES_ERROR;
				GCC_WARN_UNDECLARED_SELECTOR = YES;
				GCC_WARN_UNINITIALIZED_AUTOS = YES_AGGRESSIVE;
				GCC_WARN_UNUSED_FUNCTION = YES;
				GCC_WARN_UNUSED_VARIABLE = YES;
				INFOPLIST_FILE = "iRec WatchKit Extension/Info.plist";
				IPHONEOS_DEPLOYMENT_TARGET = 8.2;
				MTL_ENABLE_DEBUG_INFO = NO;
				PRODUCT_BUNDLE_IDENTIFIER = com.adhoc.iRec.watchkitapp.watchkitextension;
				PRODUCT_NAME = "${TARGET_NAME}";
				PROVISIONING_PROFILE = "e36bf75e-bcf7-49b0-9687-0e5feab4252e";
				SDKROOT = watchos;
				SKIP_INSTALL = YES;
				TARGETED_DEVICE_FAMILY = 4;
				VALIDATE_PRODUCT = YES;
				WATCHOS_DEPLOYMENT_TARGET = 2.0;
			};
			name = Release;
		};
/* End XCBuildConfiguration section */

/* Begin XCConfigurationList section */
		920CCFB31A94DAC2004BD668 /* Build configuration list for PBXProject "iRec" */ = {
			isa = XCConfigurationList;
			buildConfigurations = (
				920CCFB41A94DAC2004BD668 /* Debug */,
				920CCFB51A94DAC2004BD668 /* Release */,
			);
			defaultConfigurationIsVisible = 0;
			defaultConfigurationName = Release;
		};
		920CCFDE1A94DAD1004BD668 /* Build configuration list for PBXNativeTarget "iRec" */ = {
			isa = XCConfigurationList;
			buildConfigurations = (
				920CCFDF1A94DAD1004BD668 /* Debug */,
				920CCFE01A94DAD1004BD668 /* Release */,
			);
			defaultConfigurationIsVisible = 0;
			defaultConfigurationName = Release;
		};
		92E557141B3F1C7E0013CC7D /* Build configuration list for PBXNativeTarget "iRec WatchKit App" */ = {
			isa = XCConfigurationList;
			buildConfigurations = (
				92E557151B3F1C7E0013CC7D /* Debug */,
				92E557161B3F1C7E0013CC7D /* Release */,
			);
			defaultConfigurationIsVisible = 0;
			defaultConfigurationName = Release;
		};
		92E557171B3F1C7E0013CC7D /* Build configuration list for PBXNativeTarget "iRec WatchKit Extension" */ = {
			isa = XCConfigurationList;
			buildConfigurations = (
				92E557181B3F1C7E0013CC7D /* Debug */,
				92E557191B3F1C7E0013CC7D /* Release */,
			);
			defaultConfigurationIsVisible = 0;
			defaultConfigurationName = Release;
		};
/* End XCConfigurationList section */
	};
	rootObject = 920CCFB01A94DAC2004BD668 /* Project object */;
}
